// !$*UTF8*$!
{
	archiveVersion = 1;
	classes = {
	};
	objectVersion = 50;
	objects = {

/* Begin PBXBuildFile section */
		6E71A340254432C30054AB57 /* AppDelegate.m in Sources */ = {isa = PBXBuildFile; fileRef = 6E71A33F254432C30054AB57 /* AppDelegate.m */; };
		6E71A343254432C30054AB57 /* SceneDelegate.m in Sources */ = {isa = PBXBuildFile; fileRef = 6E71A342254432C30054AB57 /* SceneDelegate.m */; };
		6E71A346254432C30054AB57 /* ViewController.m in Sources */ = {isa = PBXBuildFile; fileRef = 6E71A345254432C30054AB57 /* ViewController.m */; };
		6E71A349254432C30054AB57 /* Main.storyboard in Resources */ = {isa = PBXBuildFile; fileRef = 6E71A347254432C30054AB57 /* Main.storyboard */; };
		6E71A34B254432C60054AB57 /* Assets.xcassets in Resources */ = {isa = PBXBuildFile; fileRef = 6E71A34A254432C60054AB57 /* Assets.xcassets */; };
		6E71A34E254432C60054AB57 /* LaunchScreen.storyboard in Resources */ = {isa = PBXBuildFile; fileRef = 6E71A34C254432C60054AB57 /* LaunchScreen.storyboard */; };
		6E71A351254432C60054AB57 /* main.m in Sources */ = {isa = PBXBuildFile; fileRef = 6E71A350254432C60054AB57 /* main.m */; };
		6EACCEA8254663FC00F50C41 /* SDImageHEICCoder.m in Sources */ = {isa = PBXBuildFile; fileRef = 6EACCE1C254663FB00F50C41 /* SDImageHEICCoder.m */; };
		6EACCEA9254663FC00F50C41 /* NSImage+Compatibility.m in Sources */ = {isa = PBXBuildFile; fileRef = 6EACCE1E254663FB00F50C41 /* NSImage+Compatibility.m */; };
		6EACCEAA254663FC00F50C41 /* SDAnimatedImageView+WebCache.m in Sources */ = {isa = PBXBuildFile; fileRef = 6EACCE20254663FB00F50C41 /* SDAnimatedImageView+WebCache.m */; };
		6EACCEAB254663FC00F50C41 /* SDImageCoder.m in Sources */ = {isa = PBXBuildFile; fileRef = 6EACCE22254663FB00F50C41 /* SDImageCoder.m */; };
		6EACCEAC254663FC00F50C41 /* SDWebImageDownloaderDecryptor.m in Sources */ = {isa = PBXBuildFile; fileRef = 6EACCE27254663FB00F50C41 /* SDWebImageDownloaderDecryptor.m */; };
		6EACCEAD254663FC00F50C41 /* SDWebImageManager.m in Sources */ = {isa = PBXBuildFile; fileRef = 6EACCE2B254663FB00F50C41 /* SDWebImageManager.m */; };
		6EACCEAE254663FC00F50C41 /* SDImageIOAnimatedCoder.m in Sources */ = {isa = PBXBuildFile; fileRef = 6EACCE2D254663FB00F50C41 /* SDImageIOAnimatedCoder.m */; };
		6EACCEAF254663FC00F50C41 /* UIImageView+HighlightedWebCache.m in Sources */ = {isa = PBXBuildFile; fileRef = 6EACCE2F254663FB00F50C41 /* UIImageView+HighlightedWebCache.m */; };
		6EACCEB0254663FC00F50C41 /* SDAnimatedImage.m in Sources */ = {isa = PBXBuildFile; fileRef = 6EACCE34254663FB00F50C41 /* SDAnimatedImage.m */; };
		6EACCEB1254663FC00F50C41 /* SDAnimatedImageView.m in Sources */ = {isa = PBXBuildFile; fileRef = 6EACCE35254663FB00F50C41 /* SDAnimatedImageView.m */; };
		6EACCEB2254663FC00F50C41 /* UIImage+ForceDecode.m in Sources */ = {isa = PBXBuildFile; fileRef = 6EACCE36254663FB00F50C41 /* UIImage+ForceDecode.m */; };
		6EACCEB3254663FC00F50C41 /* SDAnimatedImagePlayer.m in Sources */ = {isa = PBXBuildFile; fileRef = 6EACCE39254663FB00F50C41 /* SDAnimatedImagePlayer.m */; };
		6EACCEB4254663FC00F50C41 /* UIImage+Transform.m in Sources */ = {isa = PBXBuildFile; fileRef = 6EACCE3A254663FB00F50C41 /* UIImage+Transform.m */; };
		6EACCEB5254663FC00F50C41 /* SDWebImageDownloader.m in Sources */ = {isa = PBXBuildFile; fileRef = 6EACCE3C254663FB00F50C41 /* SDWebImageDownloader.m */; };
		6EACCEB6254663FC00F50C41 /* SDImageLoader.m in Sources */ = {isa = PBXBuildFile; fileRef = 6EACCE3E254663FB00F50C41 /* SDImageLoader.m */; };
		6EACCEB7254663FC00F50C41 /* SDWebImageCacheSerializer.m in Sources */ = {isa = PBXBuildFile; fileRef = 6EACCE3F254663FB00F50C41 /* SDWebImageCacheSerializer.m */; };
		6EACCEB8254663FC00F50C41 /* SDWebImageIndicator.m in Sources */ = {isa = PBXBuildFile; fileRef = 6EACCE40254663FB00F50C41 /* SDWebImageIndicator.m */; };
		6EACCEB9254663FC00F50C41 /* SDGraphicsImageRenderer.m in Sources */ = {isa = PBXBuildFile; fileRef = 6EACCE41254663FB00F50C41 /* SDGraphicsImageRenderer.m */; };
		6EACCEBA254663FC00F50C41 /* UIImage+GIF.m in Sources */ = {isa = PBXBuildFile; fileRef = 6EACCE42254663FB00F50C41 /* UIImage+GIF.m */; };
		6EACCEBB254663FC00F50C41 /* SDImageCodersManager.m in Sources */ = {isa = PBXBuildFile; fileRef = 6EACCE43254663FB00F50C41 /* SDImageCodersManager.m */; };
		6EACCEBC254663FC00F50C41 /* UIImage+MultiFormat.m in Sources */ = {isa = PBXBuildFile; fileRef = 6EACCE46254663FB00F50C41 /* UIImage+MultiFormat.m */; };
		6EACCEBD254663FC00F50C41 /* SDMemoryCache.m in Sources */ = {isa = PBXBuildFile; fileRef = 6EACCE47254663FB00F50C41 /* SDMemoryCache.m */; };
		6EACCEBE254663FC00F50C41 /* SDWebImageCompat.m in Sources */ = {isa = PBXBuildFile; fileRef = 6EACCE49254663FB00F50C41 /* SDWebImageCompat.m */; };
		6EACCEBF254663FC00F50C41 /* SDImageAPNGCoder.m in Sources */ = {isa = PBXBuildFile; fileRef = 6EACCE4A254663FB00F50C41 /* SDImageAPNGCoder.m */; };
		6EACCEC0254663FC00F50C41 /* SDWebImageDownloaderResponseModifier.m in Sources */ = {isa = PBXBuildFile; fileRef = 6EACCE4B254663FB00F50C41 /* SDWebImageDownloaderResponseModifier.m */; };
		6EACCEC1254663FC00F50C41 /* SDWebImageError.m in Sources */ = {isa = PBXBuildFile; fileRef = 6EACCE4C254663FB00F50C41 /* SDWebImageError.m */; };
		6EACCEC2254663FC00F50C41 /* SDWebImagePrefetcher.m in Sources */ = {isa = PBXBuildFile; fileRef = 6EACCE4D254663FB00F50C41 /* SDWebImagePrefetcher.m */; };
		6EACCEC3254663FC00F50C41 /* SDImageCoderHelper.m in Sources */ = {isa = PBXBuildFile; fileRef = 6EACCE4E254663FB00F50C41 /* SDImageCoderHelper.m */; };
		6EACCEC4254663FC00F50C41 /* NSButton+WebCache.m in Sources */ = {isa = PBXBuildFile; fileRef = 6EACCE53254663FB00F50C41 /* NSButton+WebCache.m */; };
		6EACCEC5254663FC00F50C41 /* SDImageIOCoder.m in Sources */ = {isa = PBXBuildFile; fileRef = 6EACCE55254663FB00F50C41 /* SDImageIOCoder.m */; };
		6EACCEC6254663FC00F50C41 /* SDDiskCache.m in Sources */ = {isa = PBXBuildFile; fileRef = 6EACCE57254663FB00F50C41 /* SDDiskCache.m */; };
		6EACCEC7254663FC00F50C41 /* SDAnimatedImageRep.m in Sources */ = {isa = PBXBuildFile; fileRef = 6EACCE59254663FB00F50C41 /* SDAnimatedImageRep.m */; };
		6EACCEC8254663FC00F50C41 /* UIImage+ExtendedCacheData.m in Sources */ = {isa = PBXBuildFile; fileRef = 6EACCE5B254663FB00F50C41 /* UIImage+ExtendedCacheData.m */; };
		6EACCEC9254663FC00F50C41 /* SDWebImageDownloaderConfig.m in Sources */ = {isa = PBXBuildFile; fileRef = 6EACCE5D254663FB00F50C41 /* SDWebImageDownloaderConfig.m */; };
		6EACCECA254663FC00F50C41 /* SDImageCache.m in Sources */ = {isa = PBXBuildFile; fileRef = 6EACCE5F254663FC00F50C41 /* SDImageCache.m */; };
		6EACCECB254663FC00F50C41 /* SDImageGIFCoder.m in Sources */ = {isa = PBXBuildFile; fileRef = 6EACCE60254663FC00F50C41 /* SDImageGIFCoder.m */; };
		6EACCECC254663FC00F50C41 /* SDImageFrame.m in Sources */ = {isa = PBXBuildFile; fileRef = 6EACCE62254663FC00F50C41 /* SDImageFrame.m */; };
		6EACCECD254663FC00F50C41 /* SDWebImageDownloaderOperation.m in Sources */ = {isa = PBXBuildFile; fileRef = 6EACCE63254663FC00F50C41 /* SDWebImageDownloaderOperation.m */; };
		6EACCECE254663FC00F50C41 /* SDImageLoadersManager.m in Sources */ = {isa = PBXBuildFile; fileRef = 6EACCE65254663FC00F50C41 /* SDImageLoadersManager.m */; };
		6EACCECF254663FC00F50C41 /* SDImageCachesManager.m in Sources */ = {isa = PBXBuildFile; fileRef = 6EACCE66254663FC00F50C41 /* SDImageCachesManager.m */; };
		6EACCED0254663FC00F50C41 /* SDWebImageTransition.m in Sources */ = {isa = PBXBuildFile; fileRef = 6EACCE67254663FC00F50C41 /* SDWebImageTransition.m */; };
		6EACCED1254663FC00F50C41 /* SDImageTransformer.m in Sources */ = {isa = PBXBuildFile; fileRef = 6EACCE69254663FC00F50C41 /* SDImageTransformer.m */; };
		6EACCED2254663FC00F50C41 /* NSData+ImageContentType.m in Sources */ = {isa = PBXBuildFile; fileRef = 6EACCE6A254663FC00F50C41 /* NSData+ImageContentType.m */; };
		6EACCED3254663FC00F50C41 /* UIImageView+WebCache.m in Sources */ = {isa = PBXBuildFile; fileRef = 6EACCE6B254663FC00F50C41 /* UIImageView+WebCache.m */; };
		6EACCED4254663FC00F50C41 /* SDImageGraphics.m in Sources */ = {isa = PBXBuildFile; fileRef = 6EACCE6E254663FC00F50C41 /* SDImageGraphics.m */; };
		6EACCED5254663FC00F50C41 /* SDImageCacheDefine.m in Sources */ = {isa = PBXBuildFile; fileRef = 6EACCE73254663FC00F50C41 /* SDImageCacheDefine.m */; };
		6EACCED6254663FC00F50C41 /* UIImage+MemoryCacheCost.m in Sources */ = {isa = PBXBuildFile; fileRef = 6EACCE75254663FC00F50C41 /* UIImage+MemoryCacheCost.m */; };
		6EACCED7254663FC00F50C41 /* SDImageCacheConfig.m in Sources */ = {isa = PBXBuildFile; fileRef = 6EACCE78254663FC00F50C41 /* SDImageCacheConfig.m */; };
		6EACCED8254663FC00F50C41 /* SDWebImageCacheKeyFilter.m in Sources */ = {isa = PBXBuildFile; fileRef = 6EACCE79254663FC00F50C41 /* SDWebImageCacheKeyFilter.m */; };
		6EACCED9254663FC00F50C41 /* SDWebImageDefine.m in Sources */ = {isa = PBXBuildFile; fileRef = 6EACCE7B254663FC00F50C41 /* SDWebImageDefine.m */; };
		6EACCEDA254663FC00F50C41 /* SDWebImageOptionsProcessor.m in Sources */ = {isa = PBXBuildFile; fileRef = 6EACCE7D254663FC00F50C41 /* SDWebImageOptionsProcessor.m */; };
		6EACCEDB254663FC00F50C41 /* UIView+WebCacheOperation.m in Sources */ = {isa = PBXBuildFile; fileRef = 6EACCE7E254663FC00F50C41 /* UIView+WebCacheOperation.m */; };
		6EACCEDC254663FC00F50C41 /* UIView+WebCache.m in Sources */ = {isa = PBXBuildFile; fileRef = 6EACCE7F254663FC00F50C41 /* UIView+WebCache.m */; };
		6EACCEDD254663FC00F50C41 /* UIImage+Metadata.m in Sources */ = {isa = PBXBuildFile; fileRef = 6EACCE86254663FC00F50C41 /* UIImage+Metadata.m */; };
		6EACCEDE254663FC00F50C41 /* UIButton+WebCache.m in Sources */ = {isa = PBXBuildFile; fileRef = 6EACCE88254663FC00F50C41 /* UIButton+WebCache.m */; };
		6EACCEDF254663FC00F50C41 /* SDWebImageDownloaderRequestModifier.m in Sources */ = {isa = PBXBuildFile; fileRef = 6EACCE89254663FC00F50C41 /* SDWebImageDownloaderRequestModifier.m */; };
		6EACCEE0254663FC00F50C41 /* UIColor+SDHexString.m in Sources */ = {isa = PBXBuildFile; fileRef = 6EACCE8F254663FC00F50C41 /* UIColor+SDHexString.m */; };
		6EACCEE1254663FC00F50C41 /* SDImageCachesManagerOperation.m in Sources */ = {isa = PBXBuildFile; fileRef = 6EACCE91254663FC00F50C41 /* SDImageCachesManagerOperation.m */; };
		6EACCEE2254663FC00F50C41 /* SDImageAssetManager.m in Sources */ = {isa = PBXBuildFile; fileRef = 6EACCE94254663FC00F50C41 /* SDImageAssetManager.m */; };
		6EACCEE3254663FC00F50C41 /* SDDeviceHelper.m in Sources */ = {isa = PBXBuildFile; fileRef = 6EACCE9B254663FC00F50C41 /* SDDeviceHelper.m */; };
		6EACCEE4254663FC00F50C41 /* SDWeakProxy.m in Sources */ = {isa = PBXBuildFile; fileRef = 6EACCE9C254663FC00F50C41 /* SDWeakProxy.m */; };
		6EACCEE5254663FC00F50C41 /* SDInternalMacros.m in Sources */ = {isa = PBXBuildFile; fileRef = 6EACCE9D254663FC00F50C41 /* SDInternalMacros.m */; };
		6EACCEE6254663FC00F50C41 /* SDFileAttributeHelper.m in Sources */ = {isa = PBXBuildFile; fileRef = 6EACCE9E254663FC00F50C41 /* SDFileAttributeHelper.m */; };
		6EACCEE7254663FC00F50C41 /* NSBezierPath+SDRoundedCorners.m in Sources */ = {isa = PBXBuildFile; fileRef = 6EACCEA0254663FC00F50C41 /* NSBezierPath+SDRoundedCorners.m */; };
		6EACCEE8254663FC00F50C41 /* SDDisplayLink.m in Sources */ = {isa = PBXBuildFile; fileRef = 6EACCEA2254663FC00F50C41 /* SDDisplayLink.m */; };
		6EACCEE9254663FC00F50C41 /* SDAsyncBlockOperation.m in Sources */ = {isa = PBXBuildFile; fileRef = 6EACCEA4254663FC00F50C41 /* SDAsyncBlockOperation.m */; };
		6EACCEEA254663FC00F50C41 /* SDAssociatedObject.m in Sources */ = {isa = PBXBuildFile; fileRef = 6EACCEA5254663FC00F50C41 /* SDAssociatedObject.m */; };
/* End PBXBuildFile section */

/* Begin PBXFileReference section */
		6E71A33B254432C30054AB57 /* SDWebImageCode.app */ = {isa = PBXFileReference; explicitFileType = wrapper.application; includeInIndex = 0; path = SDWebImageCode.app; sourceTree = BUILT_PRODUCTS_DIR; };
		6E71A33E254432C30054AB57 /* AppDelegate.h */ = {isa = PBXFileReference; lastKnownFileType = sourcecode.c.h; path = AppDelegate.h; sourceTree = "<group>"; };
		6E71A33F254432C30054AB57 /* AppDelegate.m */ = {isa = PBXFileReference; lastKnownFileType = sourcecode.c.objc; path = AppDelegate.m; sourceTree = "<group>"; };
		6E71A341254432C30054AB57 /* SceneDelegate.h */ = {isa = PBXFileReference; lastKnownFileType = sourcecode.c.h; path = SceneDelegate.h; sourceTree = "<group>"; };
		6E71A342254432C30054AB57 /* SceneDelegate.m */ = {isa = PBXFileReference; lastKnownFileType = sourcecode.c.objc; path = SceneDelegate.m; sourceTree = "<group>"; };
		6E71A344254432C30054AB57 /* ViewController.h */ = {isa = PBXFileReference; lastKnownFileType = sourcecode.c.h; path = ViewController.h; sourceTree = "<group>"; };
		6E71A345254432C30054AB57 /* ViewController.m */ = {isa = PBXFileReference; lastKnownFileType = sourcecode.c.objc; path = ViewController.m; sourceTree = "<group>"; };
		6E71A348254432C30054AB57 /* Base */ = {isa = PBXFileReference; lastKnownFileType = file.storyboard; name = Base; path = Base.lproj/Main.storyboard; sourceTree = "<group>"; };
		6E71A34A254432C60054AB57 /* Assets.xcassets */ = {isa = PBXFileReference; lastKnownFileType = folder.assetcatalog; path = Assets.xcassets; sourceTree = "<group>"; };
		6E71A34D254432C60054AB57 /* Base */ = {isa = PBXFileReference; lastKnownFileType = file.storyboard; name = Base; path = Base.lproj/LaunchScreen.storyboard; sourceTree = "<group>"; };
		6E71A34F254432C60054AB57 /* Info.plist */ = {isa = PBXFileReference; lastKnownFileType = text.plist.xml; path = Info.plist; sourceTree = "<group>"; };
		6E71A350254432C60054AB57 /* main.m */ = {isa = PBXFileReference; lastKnownFileType = sourcecode.c.objc; path = main.m; sourceTree = "<group>"; };
		6EACCE1B254663FB00F50C41 /* UIImage+ExtendedCacheData.h */ = {isa = PBXFileReference; fileEncoding = 4; lastKnownFileType = sourcecode.c.h; path = "UIImage+ExtendedCacheData.h"; sourceTree = "<group>"; };
		6EACCE1C254663FB00F50C41 /* SDImageHEICCoder.m */ = {isa = PBXFileReference; fileEncoding = 4; lastKnownFileType = sourcecode.c.objc; path = SDImageHEICCoder.m; sourceTree = "<group>"; };
		6EACCE1D254663FB00F50C41 /* SDAnimatedImageRep.h */ = {isa = PBXFileReference; fileEncoding = 4; lastKnownFileType = sourcecode.c.h; path = SDAnimatedImageRep.h; sourceTree = "<group>"; };
		6EACCE1E254663FB00F50C41 /* NSImage+Compatibility.m */ = {isa = PBXFileReference; fileEncoding = 4; lastKnownFileType = sourcecode.c.objc; path = "NSImage+Compatibility.m"; sourceTree = "<group>"; };
		6EACCE1F254663FB00F50C41 /* SDDiskCache.h */ = {isa = PBXFileReference; fileEncoding = 4; lastKnownFileType = sourcecode.c.h; path = SDDiskCache.h; sourceTree = "<group>"; };
		6EACCE20254663FB00F50C41 /* SDAnimatedImageView+WebCache.m */ = {isa = PBXFileReference; fileEncoding = 4; lastKnownFileType = sourcecode.c.objc; path = "SDAnimatedImageView+WebCache.m"; sourceTree = "<group>"; };
		6EACCE21254663FB00F50C41 /* SDImageIOCoder.h */ = {isa = PBXFileReference; fileEncoding = 4; lastKnownFileType = sourcecode.c.h; path = SDImageIOCoder.h; sourceTree = "<group>"; };
		6EACCE22254663FB00F50C41 /* SDImageCoder.m */ = {isa = PBXFileReference; fileEncoding = 4; lastKnownFileType = sourcecode.c.objc; path = SDImageCoder.m; sourceTree = "<group>"; };
		6EACCE23254663FB00F50C41 /* NSButton+WebCache.h */ = {isa = PBXFileReference; fileEncoding = 4; lastKnownFileType = sourcecode.c.h; path = "NSButton+WebCache.h"; sourceTree = "<group>"; };
		6EACCE24254663FB00F50C41 /* SDImageGraphics.h */ = {isa = PBXFileReference; fileEncoding = 4; lastKnownFileType = sourcecode.c.h; path = SDImageGraphics.h; sourceTree = "<group>"; };
		6EACCE25254663FB00F50C41 /* UIImageView+WebCache.h */ = {isa = PBXFileReference; fileEncoding = 4; lastKnownFileType = sourcecode.c.h; path = "UIImageView+WebCache.h"; sourceTree = "<group>"; };
		6EACCE26254663FB00F50C41 /* NSData+ImageContentType.h */ = {isa = PBXFileReference; fileEncoding = 4; lastKnownFileType = sourcecode.c.h; path = "NSData+ImageContentType.h"; sourceTree = "<group>"; };
		6EACCE27254663FB00F50C41 /* SDWebImageDownloaderDecryptor.m */ = {isa = PBXFileReference; fileEncoding = 4; lastKnownFileType = sourcecode.c.objc; path = SDWebImageDownloaderDecryptor.m; sourceTree = "<group>"; };
		6EACCE28254663FB00F50C41 /* SDImageTransformer.h */ = {isa = PBXFileReference; fileEncoding = 4; lastKnownFileType = sourcecode.c.h; path = SDImageTransformer.h; sourceTree = "<group>"; };
		6EACCE29254663FB00F50C41 /* SDImageCachesManager.h */ = {isa = PBXFileReference; fileEncoding = 4; lastKnownFileType = sourcecode.c.h; path = SDImageCachesManager.h; sourceTree = "<group>"; };
		6EACCE2A254663FB00F50C41 /* SDWebImageTransition.h */ = {isa = PBXFileReference; fileEncoding = 4; lastKnownFileType = sourcecode.c.h; path = SDWebImageTransition.h; sourceTree = "<group>"; };
		6EACCE2B254663FB00F50C41 /* SDWebImageManager.m */ = {isa = PBXFileReference; fileEncoding = 4; lastKnownFileType = sourcecode.c.objc; path = SDWebImageManager.m; sourceTree = "<group>"; };
		6EACCE2C254663FB00F50C41 /* SDImageLoadersManager.h */ = {isa = PBXFileReference; fileEncoding = 4; lastKnownFileType = sourcecode.c.h; path = SDImageLoadersManager.h; sourceTree = "<group>"; };
		6EACCE2D254663FB00F50C41 /* SDImageIOAnimatedCoder.m */ = {isa = PBXFileReference; fileEncoding = 4; lastKnownFileType = sourcecode.c.objc; path = SDImageIOAnimatedCoder.m; sourceTree = "<group>"; };
		6EACCE2E254663FB00F50C41 /* SDWebImageDownloaderOperation.h */ = {isa = PBXFileReference; fileEncoding = 4; lastKnownFileType = sourcecode.c.h; path = SDWebImageDownloaderOperation.h; sourceTree = "<group>"; };
		6EACCE2F254663FB00F50C41 /* UIImageView+HighlightedWebCache.m */ = {isa = PBXFileReference; fileEncoding = 4; lastKnownFileType = sourcecode.c.objc; path = "UIImageView+HighlightedWebCache.m"; sourceTree = "<group>"; };
		6EACCE30254663FB00F50C41 /* SDImageFrame.h */ = {isa = PBXFileReference; fileEncoding = 4; lastKnownFileType = sourcecode.c.h; path = SDImageFrame.h; sourceTree = "<group>"; };
		6EACCE31254663FB00F50C41 /* SDImageGIFCoder.h */ = {isa = PBXFileReference; fileEncoding = 4; lastKnownFileType = sourcecode.c.h; path = SDImageGIFCoder.h; sourceTree = "<group>"; };
		6EACCE32254663FB00F50C41 /* SDImageCache.h */ = {isa = PBXFileReference; fileEncoding = 4; lastKnownFileType = sourcecode.c.h; path = SDImageCache.h; sourceTree = "<group>"; };
		6EACCE33254663FB00F50C41 /* SDWebImageDownloaderConfig.h */ = {isa = PBXFileReference; fileEncoding = 4; lastKnownFileType = sourcecode.c.h; path = SDWebImageDownloaderConfig.h; sourceTree = "<group>"; };
		6EACCE34254663FB00F50C41 /* SDAnimatedImage.m */ = {isa = PBXFileReference; fileEncoding = 4; lastKnownFileType = sourcecode.c.objc; path = SDAnimatedImage.m; sourceTree = "<group>"; };
		6EACCE35254663FB00F50C41 /* SDAnimatedImageView.m */ = {isa = PBXFileReference; fileEncoding = 4; lastKnownFileType = sourcecode.c.objc; path = SDAnimatedImageView.m; sourceTree = "<group>"; };
		6EACCE36254663FB00F50C41 /* UIImage+ForceDecode.m */ = {isa = PBXFileReference; fileEncoding = 4; lastKnownFileType = sourcecode.c.objc; path = "UIImage+ForceDecode.m"; sourceTree = "<group>"; };
		6EACCE37254663FB00F50C41 /* SDImageCacheConfig.h */ = {isa = PBXFileReference; fileEncoding = 4; lastKnownFileType = sourcecode.c.h; path = SDImageCacheConfig.h; sourceTree = "<group>"; };
		6EACCE38254663FB00F50C41 /* SDWebImageCacheKeyFilter.h */ = {isa = PBXFileReference; fileEncoding = 4; lastKnownFileType = sourcecode.c.h; path = SDWebImageCacheKeyFilter.h; sourceTree = "<group>"; };
		6EACCE39254663FB00F50C41 /* SDAnimatedImagePlayer.m */ = {isa = PBXFileReference; fileEncoding = 4; lastKnownFileType = sourcecode.c.objc; path = SDAnimatedImagePlayer.m; sourceTree = "<group>"; };
		6EACCE3A254663FB00F50C41 /* UIImage+Transform.m */ = {isa = PBXFileReference; fileEncoding = 4; lastKnownFileType = sourcecode.c.objc; path = "UIImage+Transform.m"; sourceTree = "<group>"; };
		6EACCE3B254663FB00F50C41 /* UIImage+MemoryCacheCost.h */ = {isa = PBXFileReference; fileEncoding = 4; lastKnownFileType = sourcecode.c.h; path = "UIImage+MemoryCacheCost.h"; sourceTree = "<group>"; };
		6EACCE3C254663FB00F50C41 /* SDWebImageDownloader.m */ = {isa = PBXFileReference; fileEncoding = 4; lastKnownFileType = sourcecode.c.objc; path = SDWebImageDownloader.m; sourceTree = "<group>"; };
		6EACCE3D254663FB00F50C41 /* SDImageCacheDefine.h */ = {isa = PBXFileReference; fileEncoding = 4; lastKnownFileType = sourcecode.c.h; path = SDImageCacheDefine.h; sourceTree = "<group>"; };
		6EACCE3E254663FB00F50C41 /* SDImageLoader.m */ = {isa = PBXFileReference; fileEncoding = 4; lastKnownFileType = sourcecode.c.objc; path = SDImageLoader.m; sourceTree = "<group>"; };
		6EACCE3F254663FB00F50C41 /* SDWebImageCacheSerializer.m */ = {isa = PBXFileReference; fileEncoding = 4; lastKnownFileType = sourcecode.c.objc; path = SDWebImageCacheSerializer.m; sourceTree = "<group>"; };
		6EACCE40254663FB00F50C41 /* SDWebImageIndicator.m */ = {isa = PBXFileReference; fileEncoding = 4; lastKnownFileType = sourcecode.c.objc; path = SDWebImageIndicator.m; sourceTree = "<group>"; };
		6EACCE41254663FB00F50C41 /* SDGraphicsImageRenderer.m */ = {isa = PBXFileReference; fileEncoding = 4; lastKnownFileType = sourcecode.c.objc; path = SDGraphicsImageRenderer.m; sourceTree = "<group>"; };
		6EACCE42254663FB00F50C41 /* UIImage+GIF.m */ = {isa = PBXFileReference; fileEncoding = 4; lastKnownFileType = sourcecode.c.objc; path = "UIImage+GIF.m"; sourceTree = "<group>"; };
		6EACCE43254663FB00F50C41 /* SDImageCodersManager.m */ = {isa = PBXFileReference; fileEncoding = 4; lastKnownFileType = sourcecode.c.objc; path = SDImageCodersManager.m; sourceTree = "<group>"; };
		6EACCE44254663FB00F50C41 /* UIButton+WebCache.h */ = {isa = PBXFileReference; fileEncoding = 4; lastKnownFileType = sourcecode.c.h; path = "UIButton+WebCache.h"; sourceTree = "<group>"; };
		6EACCE45254663FB00F50C41 /* SDWebImageDownloaderRequestModifier.h */ = {isa = PBXFileReference; fileEncoding = 4; lastKnownFileType = sourcecode.c.h; path = SDWebImageDownloaderRequestModifier.h; sourceTree = "<group>"; };
		6EACCE46254663FB00F50C41 /* UIImage+MultiFormat.m */ = {isa = PBXFileReference; fileEncoding = 4; lastKnownFileType = sourcecode.c.objc; path = "UIImage+MultiFormat.m"; sourceTree = "<group>"; };
		6EACCE47254663FB00F50C41 /* SDMemoryCache.m */ = {isa = PBXFileReference; fileEncoding = 4; lastKnownFileType = sourcecode.c.objc; path = SDMemoryCache.m; sourceTree = "<group>"; };
		6EACCE48254663FB00F50C41 /* UIImage+Metadata.h */ = {isa = PBXFileReference; fileEncoding = 4; lastKnownFileType = sourcecode.c.h; path = "UIImage+Metadata.h"; sourceTree = "<group>"; };
		6EACCE49254663FB00F50C41 /* SDWebImageCompat.m */ = {isa = PBXFileReference; fileEncoding = 4; lastKnownFileType = sourcecode.c.objc; path = SDWebImageCompat.m; sourceTree = "<group>"; };
		6EACCE4A254663FB00F50C41 /* SDImageAPNGCoder.m */ = {isa = PBXFileReference; fileEncoding = 4; lastKnownFileType = sourcecode.c.objc; path = SDImageAPNGCoder.m; sourceTree = "<group>"; };
		6EACCE4B254663FB00F50C41 /* SDWebImageDownloaderResponseModifier.m */ = {isa = PBXFileReference; fileEncoding = 4; lastKnownFileType = sourcecode.c.objc; path = SDWebImageDownloaderResponseModifier.m; sourceTree = "<group>"; };
		6EACCE4C254663FB00F50C41 /* SDWebImageError.m */ = {isa = PBXFileReference; fileEncoding = 4; lastKnownFileType = sourcecode.c.objc; path = SDWebImageError.m; sourceTree = "<group>"; };
		6EACCE4D254663FB00F50C41 /* SDWebImagePrefetcher.m */ = {isa = PBXFileReference; fileEncoding = 4; lastKnownFileType = sourcecode.c.objc; path = SDWebImagePrefetcher.m; sourceTree = "<group>"; };
		6EACCE4E254663FB00F50C41 /* SDImageCoderHelper.m */ = {isa = PBXFileReference; fileEncoding = 4; lastKnownFileType = sourcecode.c.objc; path = SDImageCoderHelper.m; sourceTree = "<group>"; };
		6EACCE4F254663FB00F50C41 /* SDWebImageOptionsProcessor.h */ = {isa = PBXFileReference; fileEncoding = 4; lastKnownFileType = sourcecode.c.h; path = SDWebImageOptionsProcessor.h; sourceTree = "<group>"; };
		6EACCE50254663FB00F50C41 /* UIView+WebCache.h */ = {isa = PBXFileReference; fileEncoding = 4; lastKnownFileType = sourcecode.c.h; path = "UIView+WebCache.h"; sourceTree = "<group>"; };
		6EACCE51254663FB00F50C41 /* UIView+WebCacheOperation.h */ = {isa = PBXFileReference; fileEncoding = 4; lastKnownFileType = sourcecode.c.h; path = "UIView+WebCacheOperation.h"; sourceTree = "<group>"; };
		6EACCE52254663FB00F50C41 /* SDWebImageDefine.h */ = {isa = PBXFileReference; fileEncoding = 4; lastKnownFileType = sourcecode.c.h; path = SDWebImageDefine.h; sourceTree = "<group>"; };
		6EACCE53254663FB00F50C41 /* NSButton+WebCache.m */ = {isa = PBXFileReference; fileEncoding = 4; lastKnownFileType = sourcecode.c.objc; path = "NSButton+WebCache.m"; sourceTree = "<group>"; };
		6EACCE54254663FB00F50C41 /* SDImageCoder.h */ = {isa = PBXFileReference; fileEncoding = 4; lastKnownFileType = sourcecode.c.h; path = SDImageCoder.h; sourceTree = "<group>"; };
		6EACCE55254663FB00F50C41 /* SDImageIOCoder.m */ = {isa = PBXFileReference; fileEncoding = 4; lastKnownFileType = sourcecode.c.objc; path = SDImageIOCoder.m; sourceTree = "<group>"; };
		6EACCE56254663FB00F50C41 /* SDAnimatedImageView+WebCache.h */ = {isa = PBXFileReference; fileEncoding = 4; lastKnownFileType = sourcecode.c.h; path = "SDAnimatedImageView+WebCache.h"; sourceTree = "<group>"; };
		6EACCE57254663FB00F50C41 /* SDDiskCache.m */ = {isa = PBXFileReference; fileEncoding = 4; lastKnownFileType = sourcecode.c.objc; path = SDDiskCache.m; sourceTree = "<group>"; };
		6EACCE58254663FB00F50C41 /* NSImage+Compatibility.h */ = {isa = PBXFileReference; fileEncoding = 4; lastKnownFileType = sourcecode.c.h; path = "NSImage+Compatibility.h"; sourceTree = "<group>"; };
		6EACCE59254663FB00F50C41 /* SDAnimatedImageRep.m */ = {isa = PBXFileReference; fileEncoding = 4; lastKnownFileType = sourcecode.c.objc; path = SDAnimatedImageRep.m; sourceTree = "<group>"; };
		6EACCE5A254663FB00F50C41 /* SDImageHEICCoder.h */ = {isa = PBXFileReference; fileEncoding = 4; lastKnownFileType = sourcecode.c.h; path = SDImageHEICCoder.h; sourceTree = "<group>"; };
		6EACCE5B254663FB00F50C41 /* UIImage+ExtendedCacheData.m */ = {isa = PBXFileReference; fileEncoding = 4; lastKnownFileType = sourcecode.c.objc; path = "UIImage+ExtendedCacheData.m"; sourceTree = "<group>"; };
		6EACCE5C254663FB00F50C41 /* SDAnimatedImageView.h */ = {isa = PBXFileReference; fileEncoding = 4; lastKnownFileType = sourcecode.c.h; path = SDAnimatedImageView.h; sourceTree = "<group>"; };
		6EACCE5D254663FB00F50C41 /* SDWebImageDownloaderConfig.m */ = {isa = PBXFileReference; fileEncoding = 4; lastKnownFileType = sourcecode.c.objc; path = SDWebImageDownloaderConfig.m; sourceTree = "<group>"; };
		6EACCE5E254663FC00F50C41 /* SDAnimatedImage.h */ = {isa = PBXFileReference; fileEncoding = 4; lastKnownFileType = sourcecode.c.h; path = SDAnimatedImage.h; sourceTree = "<group>"; };
		6EACCE5F254663FC00F50C41 /* SDImageCache.m */ = {isa = PBXFileReference; fileEncoding = 4; lastKnownFileType = sourcecode.c.objc; path = SDImageCache.m; sourceTree = "<group>"; };
		6EACCE60254663FC00F50C41 /* SDImageGIFCoder.m */ = {isa = PBXFileReference; fileEncoding = 4; lastKnownFileType = sourcecode.c.objc; path = SDImageGIFCoder.m; sourceTree = "<group>"; };
		6EACCE61254663FC00F50C41 /* UIImageView+HighlightedWebCache.h */ = {isa = PBXFileReference; fileEncoding = 4; lastKnownFileType = sourcecode.c.h; path = "UIImageView+HighlightedWebCache.h"; sourceTree = "<group>"; };
		6EACCE62254663FC00F50C41 /* SDImageFrame.m */ = {isa = PBXFileReference; fileEncoding = 4; lastKnownFileType = sourcecode.c.objc; path = SDImageFrame.m; sourceTree = "<group>"; };
		6EACCE63254663FC00F50C41 /* SDWebImageDownloaderOperation.m */ = {isa = PBXFileReference; fileEncoding = 4; lastKnownFileType = sourcecode.c.objc; path = SDWebImageDownloaderOperation.m; sourceTree = "<group>"; };
		6EACCE64254663FC00F50C41 /* SDImageIOAnimatedCoder.h */ = {isa = PBXFileReference; fileEncoding = 4; lastKnownFileType = sourcecode.c.h; path = SDImageIOAnimatedCoder.h; sourceTree = "<group>"; };
		6EACCE65254663FC00F50C41 /* SDImageLoadersManager.m */ = {isa = PBXFileReference; fileEncoding = 4; lastKnownFileType = sourcecode.c.objc; path = SDImageLoadersManager.m; sourceTree = "<group>"; };
		6EACCE66254663FC00F50C41 /* SDImageCachesManager.m */ = {isa = PBXFileReference; fileEncoding = 4; lastKnownFileType = sourcecode.c.objc; path = SDImageCachesManager.m; sourceTree = "<group>"; };
		6EACCE67254663FC00F50C41 /* SDWebImageTransition.m */ = {isa = PBXFileReference; fileEncoding = 4; lastKnownFileType = sourcecode.c.objc; path = SDWebImageTransition.m; sourceTree = "<group>"; };
		6EACCE68254663FC00F50C41 /* SDWebImageManager.h */ = {isa = PBXFileReference; fileEncoding = 4; lastKnownFileType = sourcecode.c.h; path = SDWebImageManager.h; sourceTree = "<group>"; };
		6EACCE69254663FC00F50C41 /* SDImageTransformer.m */ = {isa = PBXFileReference; fileEncoding = 4; lastKnownFileType = sourcecode.c.objc; path = SDImageTransformer.m; sourceTree = "<group>"; };
		6EACCE6A254663FC00F50C41 /* NSData+ImageContentType.m */ = {isa = PBXFileReference; fileEncoding = 4; lastKnownFileType = sourcecode.c.objc; path = "NSData+ImageContentType.m"; sourceTree = "<group>"; };
		6EACCE6B254663FC00F50C41 /* UIImageView+WebCache.m */ = {isa = PBXFileReference; fileEncoding = 4; lastKnownFileType = sourcecode.c.objc; path = "UIImageView+WebCache.m"; sourceTree = "<group>"; };
		6EACCE6C254663FC00F50C41 /* SDWebImageDownloaderDecryptor.h */ = {isa = PBXFileReference; fileEncoding = 4; lastKnownFileType = sourcecode.c.h; path = SDWebImageDownloaderDecryptor.h; sourceTree = "<group>"; };
		6EACCE6D254663FC00F50C41 /* SDWebImageOperation.h */ = {isa = PBXFileReference; fileEncoding = 4; lastKnownFileType = sourcecode.c.h; path = SDWebImageOperation.h; sourceTree = "<group>"; };
		6EACCE6E254663FC00F50C41 /* SDImageGraphics.m */ = {isa = PBXFileReference; fileEncoding = 4; lastKnownFileType = sourcecode.c.objc; path = SDImageGraphics.m; sourceTree = "<group>"; };
		6EACCE6F254663FC00F50C41 /* SDGraphicsImageRenderer.h */ = {isa = PBXFileReference; fileEncoding = 4; lastKnownFileType = sourcecode.c.h; path = SDGraphicsImageRenderer.h; sourceTree = "<group>"; };
		6EACCE70254663FC00F50C41 /* SDWebImageIndicator.h */ = {isa = PBXFileReference; fileEncoding = 4; lastKnownFileType = sourcecode.c.h; path = SDWebImageIndicator.h; sourceTree = "<group>"; };
		6EACCE71254663FC00F50C41 /* SDWebImageCacheSerializer.h */ = {isa = PBXFileReference; fileEncoding = 4; lastKnownFileType = sourcecode.c.h; path = SDWebImageCacheSerializer.h; sourceTree = "<group>"; };
		6EACCE72254663FC00F50C41 /* SDImageLoader.h */ = {isa = PBXFileReference; fileEncoding = 4; lastKnownFileType = sourcecode.c.h; path = SDImageLoader.h; sourceTree = "<group>"; };
		6EACCE73254663FC00F50C41 /* SDImageCacheDefine.m */ = {isa = PBXFileReference; fileEncoding = 4; lastKnownFileType = sourcecode.c.objc; path = SDImageCacheDefine.m; sourceTree = "<group>"; };
		6EACCE74254663FC00F50C41 /* SDWebImageDownloader.h */ = {isa = PBXFileReference; fileEncoding = 4; lastKnownFileType = sourcecode.c.h; path = SDWebImageDownloader.h; sourceTree = "<group>"; };
		6EACCE75254663FC00F50C41 /* UIImage+MemoryCacheCost.m */ = {isa = PBXFileReference; fileEncoding = 4; lastKnownFileType = sourcecode.c.objc; path = "UIImage+MemoryCacheCost.m"; sourceTree = "<group>"; };
		6EACCE76254663FC00F50C41 /* UIImage+Transform.h */ = {isa = PBXFileReference; fileEncoding = 4; lastKnownFileType = sourcecode.c.h; path = "UIImage+Transform.h"; sourceTree = "<group>"; };
		6EACCE77254663FC00F50C41 /* SDAnimatedImagePlayer.h */ = {isa = PBXFileReference; fileEncoding = 4; lastKnownFileType = sourcecode.c.h; path = SDAnimatedImagePlayer.h; sourceTree = "<group>"; };
		6EACCE78254663FC00F50C41 /* SDImageCacheConfig.m */ = {isa = PBXFileReference; fileEncoding = 4; lastKnownFileType = sourcecode.c.objc; path = SDImageCacheConfig.m; sourceTree = "<group>"; };
		6EACCE79254663FC00F50C41 /* SDWebImageCacheKeyFilter.m */ = {isa = PBXFileReference; fileEncoding = 4; lastKnownFileType = sourcecode.c.objc; path = SDWebImageCacheKeyFilter.m; sourceTree = "<group>"; };
		6EACCE7A254663FC00F50C41 /* UIImage+ForceDecode.h */ = {isa = PBXFileReference; fileEncoding = 4; lastKnownFileType = sourcecode.c.h; path = "UIImage+ForceDecode.h"; sourceTree = "<group>"; };
		6EACCE7B254663FC00F50C41 /* SDWebImageDefine.m */ = {isa = PBXFileReference; fileEncoding = 4; lastKnownFileType = sourcecode.c.objc; path = SDWebImageDefine.m; sourceTree = "<group>"; };
		6EACCE7C254663FC00F50C41 /* SDImageCoderHelper.h */ = {isa = PBXFileReference; fileEncoding = 4; lastKnownFileType = sourcecode.c.h; path = SDImageCoderHelper.h; sourceTree = "<group>"; };
		6EACCE7D254663FC00F50C41 /* SDWebImageOptionsProcessor.m */ = {isa = PBXFileReference; fileEncoding = 4; lastKnownFileType = sourcecode.c.objc; path = SDWebImageOptionsProcessor.m; sourceTree = "<group>"; };
		6EACCE7E254663FC00F50C41 /* UIView+WebCacheOperation.m */ = {isa = PBXFileReference; fileEncoding = 4; lastKnownFileType = sourcecode.c.objc; path = "UIView+WebCacheOperation.m"; sourceTree = "<group>"; };
		6EACCE7F254663FC00F50C41 /* UIView+WebCache.m */ = {isa = PBXFileReference; fileEncoding = 4; lastKnownFileType = sourcecode.c.objc; path = "UIView+WebCache.m"; sourceTree = "<group>"; };
		6EACCE80254663FC00F50C41 /* SDWebImagePrefetcher.h */ = {isa = PBXFileReference; fileEncoding = 4; lastKnownFileType = sourcecode.c.h; path = SDWebImagePrefetcher.h; sourceTree = "<group>"; };
		6EACCE81254663FC00F50C41 /* SDWebImageDownloaderResponseModifier.h */ = {isa = PBXFileReference; fileEncoding = 4; lastKnownFileType = sourcecode.c.h; path = SDWebImageDownloaderResponseModifier.h; sourceTree = "<group>"; };
		6EACCE82254663FC00F50C41 /* SDImageAPNGCoder.h */ = {isa = PBXFileReference; fileEncoding = 4; lastKnownFileType = sourcecode.c.h; path = SDImageAPNGCoder.h; sourceTree = "<group>"; };
		6EACCE83254663FC00F50C41 /* SDWebImageError.h */ = {isa = PBXFileReference; fileEncoding = 4; lastKnownFileType = sourcecode.c.h; path = SDWebImageError.h; sourceTree = "<group>"; };
		6EACCE84254663FC00F50C41 /* SDWebImageCompat.h */ = {isa = PBXFileReference; fileEncoding = 4; lastKnownFileType = sourcecode.c.h; path = SDWebImageCompat.h; sourceTree = "<group>"; };
		6EACCE85254663FC00F50C41 /* SDMemoryCache.h */ = {isa = PBXFileReference; fileEncoding = 4; lastKnownFileType = sourcecode.c.h; path = SDMemoryCache.h; sourceTree = "<group>"; };
		6EACCE86254663FC00F50C41 /* UIImage+Metadata.m */ = {isa = PBXFileReference; fileEncoding = 4; lastKnownFileType = sourcecode.c.objc; path = "UIImage+Metadata.m"; sourceTree = "<group>"; };
		6EACCE87254663FC00F50C41 /* UIImage+MultiFormat.h */ = {isa = PBXFileReference; fileEncoding = 4; lastKnownFileType = sourcecode.c.h; path = "UIImage+MultiFormat.h"; sourceTree = "<group>"; };
		6EACCE88254663FC00F50C41 /* UIButton+WebCache.m */ = {isa = PBXFileReference; fileEncoding = 4; lastKnownFileType = sourcecode.c.objc; path = "UIButton+WebCache.m"; sourceTree = "<group>"; };
		6EACCE89254663FC00F50C41 /* SDWebImageDownloaderRequestModifier.m */ = {isa = PBXFileReference; fileEncoding = 4; lastKnownFileType = sourcecode.c.objc; path = SDWebImageDownloaderRequestModifier.m; sourceTree = "<group>"; };
		6EACCE8A254663FC00F50C41 /* SDImageCodersManager.h */ = {isa = PBXFileReference; fileEncoding = 4; lastKnownFileType = sourcecode.c.h; path = SDImageCodersManager.h; sourceTree = "<group>"; };
		6EACCE8B254663FC00F50C41 /* UIImage+GIF.h */ = {isa = PBXFileReference; fileEncoding = 4; lastKnownFileType = sourcecode.c.h; path = "UIImage+GIF.h"; sourceTree = "<group>"; };
		6EACCE8D254663FC00F50C41 /* SDDeviceHelper.h */ = {isa = PBXFileReference; fileEncoding = 4; lastKnownFileType = sourcecode.c.h; path = SDDeviceHelper.h; sourceTree = "<group>"; };
		6EACCE8E254663FC00F50C41 /* SDWeakProxy.h */ = {isa = PBXFileReference; fileEncoding = 4; lastKnownFileType = sourcecode.c.h; path = SDWeakProxy.h; sourceTree = "<group>"; };
		6EACCE8F254663FC00F50C41 /* UIColor+SDHexString.m */ = {isa = PBXFileReference; fileEncoding = 4; lastKnownFileType = sourcecode.c.objc; path = "UIColor+SDHexString.m"; sourceTree = "<group>"; };
		6EACCE90254663FC00F50C41 /* NSBezierPath+SDRoundedCorners.h */ = {isa = PBXFileReference; fileEncoding = 4; lastKnownFileType = sourcecode.c.h; path = "NSBezierPath+SDRoundedCorners.h"; sourceTree = "<group>"; };
		6EACCE91254663FC00F50C41 /* SDImageCachesManagerOperation.m */ = {isa = PBXFileReference; fileEncoding = 4; lastKnownFileType = sourcecode.c.objc; path = SDImageCachesManagerOperation.m; sourceTree = "<group>"; };
		6EACCE92254663FC00F50C41 /* SDFileAttributeHelper.h */ = {isa = PBXFileReference; fileEncoding = 4; lastKnownFileType = sourcecode.c.h; path = SDFileAttributeHelper.h; sourceTree = "<group>"; };
		6EACCE93254663FC00F50C41 /* SDInternalMacros.h */ = {isa = PBXFileReference; fileEncoding = 4; lastKnownFileType = sourcecode.c.h; path = SDInternalMacros.h; sourceTree = "<group>"; };
		6EACCE94254663FC00F50C41 /* SDImageAssetManager.m */ = {isa = PBXFileReference; fileEncoding = 4; lastKnownFileType = sourcecode.c.objc; path = SDImageAssetManager.m; sourceTree = "<group>"; };
		6EACCE95254663FC00F50C41 /* SDAsyncBlockOperation.h */ = {isa = PBXFileReference; fileEncoding = 4; lastKnownFileType = sourcecode.c.h; path = SDAsyncBlockOperation.h; sourceTree = "<group>"; };
		6EACCE96254663FC00F50C41 /* SDDisplayLink.h */ = {isa = PBXFileReference; fileEncoding = 4; lastKnownFileType = sourcecode.c.h; path = SDDisplayLink.h; sourceTree = "<group>"; };
		6EACCE97254663FC00F50C41 /* SDAssociatedObject.h */ = {isa = PBXFileReference; fileEncoding = 4; lastKnownFileType = sourcecode.c.h; path = SDAssociatedObject.h; sourceTree = "<group>"; };
		6EACCE98254663FC00F50C41 /* SDmetamacros.h */ = {isa = PBXFileReference; fileEncoding = 4; lastKnownFileType = sourcecode.c.h; path = SDmetamacros.h; sourceTree = "<group>"; };
		6EACCE99254663FC00F50C41 /* SDImageHEICCoderInternal.h */ = {isa = PBXFileReference; fileEncoding = 4; lastKnownFileType = sourcecode.c.h; path = SDImageHEICCoderInternal.h; sourceTree = "<group>"; };
		6EACCE9A254663FC00F50C41 /* SDImageIOAnimatedCoderInternal.h */ = {isa = PBXFileReference; fileEncoding = 4; lastKnownFileType = sourcecode.c.h; path = SDImageIOAnimatedCoderInternal.h; sourceTree = "<group>"; };
		6EACCE9B254663FC00F50C41 /* SDDeviceHelper.m */ = {isa = PBXFileReference; fileEncoding = 4; lastKnownFileType = sourcecode.c.objc; path = SDDeviceHelper.m; sourceTree = "<group>"; };
		6EACCE9C254663FC00F50C41 /* SDWeakProxy.m */ = {isa = PBXFileReference; fileEncoding = 4; lastKnownFileType = sourcecode.c.objc; path = SDWeakProxy.m; sourceTree = "<group>"; };
		6EACCE9D254663FC00F50C41 /* SDInternalMacros.m */ = {isa = PBXFileReference; fileEncoding = 4; lastKnownFileType = sourcecode.c.objc; path = SDInternalMacros.m; sourceTree = "<group>"; };
		6EACCE9E254663FC00F50C41 /* SDFileAttributeHelper.m */ = {isa = PBXFileReference; fileEncoding = 4; lastKnownFileType = sourcecode.c.objc; path = SDFileAttributeHelper.m; sourceTree = "<group>"; };
		6EACCE9F254663FC00F50C41 /* SDImageCachesManagerOperation.h */ = {isa = PBXFileReference; fileEncoding = 4; lastKnownFileType = sourcecode.c.h; path = SDImageCachesManagerOperation.h; sourceTree = "<group>"; };
		6EACCEA0254663FC00F50C41 /* NSBezierPath+SDRoundedCorners.m */ = {isa = PBXFileReference; fileEncoding = 4; lastKnownFileType = sourcecode.c.objc; path = "NSBezierPath+SDRoundedCorners.m"; sourceTree = "<group>"; };
		6EACCEA1254663FC00F50C41 /* UIColor+SDHexString.h */ = {isa = PBXFileReference; fileEncoding = 4; lastKnownFileType = sourcecode.c.h; path = "UIColor+SDHexString.h"; sourceTree = "<group>"; };
		6EACCEA2254663FC00F50C41 /* SDDisplayLink.m */ = {isa = PBXFileReference; fileEncoding = 4; lastKnownFileType = sourcecode.c.objc; path = SDDisplayLink.m; sourceTree = "<group>"; };
		6EACCEA3254663FC00F50C41 /* SDImageAssetManager.h */ = {isa = PBXFileReference; fileEncoding = 4; lastKnownFileType = sourcecode.c.h; path = SDImageAssetManager.h; sourceTree = "<group>"; };
		6EACCEA4254663FC00F50C41 /* SDAsyncBlockOperation.m */ = {isa = PBXFileReference; fileEncoding = 4; lastKnownFileType = sourcecode.c.objc; path = SDAsyncBlockOperation.m; sourceTree = "<group>"; };
		6EACCEA5254663FC00F50C41 /* SDAssociatedObject.m */ = {isa = PBXFileReference; fileEncoding = 4; lastKnownFileType = sourcecode.c.objc; path = SDAssociatedObject.m; sourceTree = "<group>"; };
		6EACCEED2546671B00F50C41 /* SDWebImage.h */ = {isa = PBXFileReference; fileEncoding = 4; lastKnownFileType = sourcecode.c.h; path = SDWebImage.h; sourceTree = "<group>"; };
/* End PBXFileReference section */

/* Begin PBXFrameworksBuildPhase section */
		6E71A338254432C30054AB57 /* Frameworks */ = {
			isa = PBXFrameworksBuildPhase;
			buildActionMask = 2147483647;
			files = (
			);
			runOnlyForDeploymentPostprocessing = 0;
		};
/* End PBXFrameworksBuildPhase section */

/* Begin PBXGroup section */
		6E71A332254432C30054AB57 = {
			isa = PBXGroup;
			children = (
				6E71A33D254432C30054AB57 /* SDWebImageCode */,
				6E71A33C254432C30054AB57 /* Products */,
			);
			sourceTree = "<group>";
		};
		6E71A33C254432C30054AB57 /* Products */ = {
			isa = PBXGroup;
			children = (
				6E71A33B254432C30054AB57 /* SDWebImageCode.app */,
			);
			name = Products;
			sourceTree = "<group>";
		};
		6E71A33D254432C30054AB57 /* SDWebImageCode */ = {
			isa = PBXGroup;
			children = (
				6EACCE19254663FB00F50C41 /* SDWebImage */,
				6E71A33E254432C30054AB57 /* AppDelegate.h */,
				6E71A33F254432C30054AB57 /* AppDelegate.m */,
				6E71A341254432C30054AB57 /* SceneDelegate.h */,
				6E71A342254432C30054AB57 /* SceneDelegate.m */,
				6E71A344254432C30054AB57 /* ViewController.h */,
				6E71A345254432C30054AB57 /* ViewController.m */,
				6E71A347254432C30054AB57 /* Main.storyboard */,
				6E71A34A254432C60054AB57 /* Assets.xcassets */,
				6E71A34C254432C60054AB57 /* LaunchScreen.storyboard */,
				6E71A34F254432C60054AB57 /* Info.plist */,
				6E71A350254432C60054AB57 /* main.m */,
			);
			path = SDWebImageCode;
			sourceTree = "<group>";
		};
		6EACCE19254663FB00F50C41 /* SDWebImage */ = {
			isa = PBXGroup;
			children = (
				6EACCEED2546671B00F50C41 /* SDWebImage.h */,
				6EACCE1A254663FB00F50C41 /* Core */,
				6EACCE8C254663FC00F50C41 /* Private */,
			);
			path = SDWebImage;
			sourceTree = "<group>";
		};
		6EACCE1A254663FB00F50C41 /* Core */ = {
			isa = PBXGroup;
			children = (
				6EACCE23254663FB00F50C41 /* NSButton+WebCache.h */,
				6EACCE53254663FB00F50C41 /* NSButton+WebCache.m */,
				6EACCE26254663FB00F50C41 /* NSData+ImageContentType.h */,
				6EACCE6A254663FC00F50C41 /* NSData+ImageContentType.m */,
				6EACCE58254663FB00F50C41 /* NSImage+Compatibility.h */,
				6EACCE1E254663FB00F50C41 /* NSImage+Compatibility.m */,
				6EACCE5E254663FC00F50C41 /* SDAnimatedImage.h */,
				6EACCE34254663FB00F50C41 /* SDAnimatedImage.m */,
				6EACCE77254663FC00F50C41 /* SDAnimatedImagePlayer.h */,
				6EACCE39254663FB00F50C41 /* SDAnimatedImagePlayer.m */,
				6EACCE1D254663FB00F50C41 /* SDAnimatedImageRep.h */,
				6EACCE59254663FB00F50C41 /* SDAnimatedImageRep.m */,
				6EACCE5C254663FB00F50C41 /* SDAnimatedImageView.h */,
				6EACCE35254663FB00F50C41 /* SDAnimatedImageView.m */,
				6EACCE56254663FB00F50C41 /* SDAnimatedImageView+WebCache.h */,
				6EACCE20254663FB00F50C41 /* SDAnimatedImageView+WebCache.m */,
				6EACCE1F254663FB00F50C41 /* SDDiskCache.h */,
				6EACCE57254663FB00F50C41 /* SDDiskCache.m */,
				6EACCE6F254663FC00F50C41 /* SDGraphicsImageRenderer.h */,
				6EACCE41254663FB00F50C41 /* SDGraphicsImageRenderer.m */,
				6EACCE82254663FC00F50C41 /* SDImageAPNGCoder.h */,
				6EACCE4A254663FB00F50C41 /* SDImageAPNGCoder.m */,
				6EACCE32254663FB00F50C41 /* SDImageCache.h */,
				6EACCE5F254663FC00F50C41 /* SDImageCache.m */,
				6EACCE37254663FB00F50C41 /* SDImageCacheConfig.h */,
				6EACCE78254663FC00F50C41 /* SDImageCacheConfig.m */,
				6EACCE3D254663FB00F50C41 /* SDImageCacheDefine.h */,
				6EACCE73254663FC00F50C41 /* SDImageCacheDefine.m */,
				6EACCE29254663FB00F50C41 /* SDImageCachesManager.h */,
				6EACCE66254663FC00F50C41 /* SDImageCachesManager.m */,
				6EACCE54254663FB00F50C41 /* SDImageCoder.h */,
				6EACCE22254663FB00F50C41 /* SDImageCoder.m */,
				6EACCE7C254663FC00F50C41 /* SDImageCoderHelper.h */,
				6EACCE4E254663FB00F50C41 /* SDImageCoderHelper.m */,
				6EACCE8A254663FC00F50C41 /* SDImageCodersManager.h */,
				6EACCE43254663FB00F50C41 /* SDImageCodersManager.m */,
				6EACCE30254663FB00F50C41 /* SDImageFrame.h */,
				6EACCE62254663FC00F50C41 /* SDImageFrame.m */,
				6EACCE31254663FB00F50C41 /* SDImageGIFCoder.h */,
				6EACCE60254663FC00F50C41 /* SDImageGIFCoder.m */,
				6EACCE24254663FB00F50C41 /* SDImageGraphics.h */,
				6EACCE6E254663FC00F50C41 /* SDImageGraphics.m */,
				6EACCE5A254663FB00F50C41 /* SDImageHEICCoder.h */,
				6EACCE1C254663FB00F50C41 /* SDImageHEICCoder.m */,
				6EACCE64254663FC00F50C41 /* SDImageIOAnimatedCoder.h */,
				6EACCE2D254663FB00F50C41 /* SDImageIOAnimatedCoder.m */,
				6EACCE21254663FB00F50C41 /* SDImageIOCoder.h */,
				6EACCE55254663FB00F50C41 /* SDImageIOCoder.m */,
				6EACCE72254663FC00F50C41 /* SDImageLoader.h */,
				6EACCE3E254663FB00F50C41 /* SDImageLoader.m */,
				6EACCE2C254663FB00F50C41 /* SDImageLoadersManager.h */,
				6EACCE65254663FC00F50C41 /* SDImageLoadersManager.m */,
				6EACCE28254663FB00F50C41 /* SDImageTransformer.h */,
				6EACCE69254663FC00F50C41 /* SDImageTransformer.m */,
				6EACCE85254663FC00F50C41 /* SDMemoryCache.h */,
				6EACCE47254663FB00F50C41 /* SDMemoryCache.m */,
				6EACCE38254663FB00F50C41 /* SDWebImageCacheKeyFilter.h */,
				6EACCE79254663FC00F50C41 /* SDWebImageCacheKeyFilter.m */,
				6EACCE71254663FC00F50C41 /* SDWebImageCacheSerializer.h */,
				6EACCE3F254663FB00F50C41 /* SDWebImageCacheSerializer.m */,
				6EACCE84254663FC00F50C41 /* SDWebImageCompat.h */,
				6EACCE49254663FB00F50C41 /* SDWebImageCompat.m */,
				6EACCE52254663FB00F50C41 /* SDWebImageDefine.h */,
				6EACCE7B254663FC00F50C41 /* SDWebImageDefine.m */,
				6EACCE74254663FC00F50C41 /* SDWebImageDownloader.h */,
				6EACCE3C254663FB00F50C41 /* SDWebImageDownloader.m */,
				6EACCE33254663FB00F50C41 /* SDWebImageDownloaderConfig.h */,
				6EACCE5D254663FB00F50C41 /* SDWebImageDownloaderConfig.m */,
				6EACCE6C254663FC00F50C41 /* SDWebImageDownloaderDecryptor.h */,
				6EACCE27254663FB00F50C41 /* SDWebImageDownloaderDecryptor.m */,
				6EACCE2E254663FB00F50C41 /* SDWebImageDownloaderOperation.h */,
				6EACCE63254663FC00F50C41 /* SDWebImageDownloaderOperation.m */,
				6EACCE45254663FB00F50C41 /* SDWebImageDownloaderRequestModifier.h */,
				6EACCE89254663FC00F50C41 /* SDWebImageDownloaderRequestModifier.m */,
				6EACCE81254663FC00F50C41 /* SDWebImageDownloaderResponseModifier.h */,
				6EACCE4B254663FB00F50C41 /* SDWebImageDownloaderResponseModifier.m */,
				6EACCE83254663FC00F50C41 /* SDWebImageError.h */,
				6EACCE4C254663FB00F50C41 /* SDWebImageError.m */,
				6EACCE70254663FC00F50C41 /* SDWebImageIndicator.h */,
				6EACCE40254663FB00F50C41 /* SDWebImageIndicator.m */,
				6EACCE68254663FC00F50C41 /* SDWebImageManager.h */,
				6EACCE2B254663FB00F50C41 /* SDWebImageManager.m */,
				6EACCE6D254663FC00F50C41 /* SDWebImageOperation.h */,
				6EACCE4F254663FB00F50C41 /* SDWebImageOptionsProcessor.h */,
				6EACCE7D254663FC00F50C41 /* SDWebImageOptionsProcessor.m */,
				6EACCE80254663FC00F50C41 /* SDWebImagePrefetcher.h */,
				6EACCE4D254663FB00F50C41 /* SDWebImagePrefetcher.m */,
				6EACCE2A254663FB00F50C41 /* SDWebImageTransition.h */,
				6EACCE67254663FC00F50C41 /* SDWebImageTransition.m */,
				6EACCE44254663FB00F50C41 /* UIButton+WebCache.h */,
				6EACCE88254663FC00F50C41 /* UIButton+WebCache.m */,
				6EACCE1B254663FB00F50C41 /* UIImage+ExtendedCacheData.h */,
				6EACCE5B254663FB00F50C41 /* UIImage+ExtendedCacheData.m */,
				6EACCE7A254663FC00F50C41 /* UIImage+ForceDecode.h */,
				6EACCE36254663FB00F50C41 /* UIImage+ForceDecode.m */,
				6EACCE8B254663FC00F50C41 /* UIImage+GIF.h */,
				6EACCE42254663FB00F50C41 /* UIImage+GIF.m */,
				6EACCE3B254663FB00F50C41 /* UIImage+MemoryCacheCost.h */,
				6EACCE75254663FC00F50C41 /* UIImage+MemoryCacheCost.m */,
				6EACCE48254663FB00F50C41 /* UIImage+Metadata.h */,
				6EACCE86254663FC00F50C41 /* UIImage+Metadata.m */,
				6EACCE87254663FC00F50C41 /* UIImage+MultiFormat.h */,
				6EACCE46254663FB00F50C41 /* UIImage+MultiFormat.m */,
				6EACCE76254663FC00F50C41 /* UIImage+Transform.h */,
				6EACCE3A254663FB00F50C41 /* UIImage+Transform.m */,
				6EACCE61254663FC00F50C41 /* UIImageView+HighlightedWebCache.h */,
				6EACCE2F254663FB00F50C41 /* UIImageView+HighlightedWebCache.m */,
				6EACCE25254663FB00F50C41 /* UIImageView+WebCache.h */,
				6EACCE6B254663FC00F50C41 /* UIImageView+WebCache.m */,
				6EACCE50254663FB00F50C41 /* UIView+WebCache.h */,
				6EACCE7F254663FC00F50C41 /* UIView+WebCache.m */,
				6EACCE51254663FB00F50C41 /* UIView+WebCacheOperation.h */,
				6EACCE7E254663FC00F50C41 /* UIView+WebCacheOperation.m */,
			);
			path = Core;
			sourceTree = "<group>";
		};
		6EACCE8C254663FC00F50C41 /* Private */ = {
			isa = PBXGroup;
			children = (
				6EACCE8D254663FC00F50C41 /* SDDeviceHelper.h */,
				6EACCE8E254663FC00F50C41 /* SDWeakProxy.h */,
				6EACCE8F254663FC00F50C41 /* UIColor+SDHexString.m */,
				6EACCE90254663FC00F50C41 /* NSBezierPath+SDRoundedCorners.h */,
				6EACCE91254663FC00F50C41 /* SDImageCachesManagerOperation.m */,
				6EACCE92254663FC00F50C41 /* SDFileAttributeHelper.h */,
				6EACCE93254663FC00F50C41 /* SDInternalMacros.h */,
				6EACCE94254663FC00F50C41 /* SDImageAssetManager.m */,
				6EACCE95254663FC00F50C41 /* SDAsyncBlockOperation.h */,
				6EACCE96254663FC00F50C41 /* SDDisplayLink.h */,
				6EACCE97254663FC00F50C41 /* SDAssociatedObject.h */,
				6EACCE98254663FC00F50C41 /* SDmetamacros.h */,
				6EACCE99254663FC00F50C41 /* SDImageHEICCoderInternal.h */,
				6EACCE9A254663FC00F50C41 /* SDImageIOAnimatedCoderInternal.h */,
				6EACCE9B254663FC00F50C41 /* SDDeviceHelper.m */,
				6EACCE9C254663FC00F50C41 /* SDWeakProxy.m */,
				6EACCE9D254663FC00F50C41 /* SDInternalMacros.m */,
				6EACCE9E254663FC00F50C41 /* SDFileAttributeHelper.m */,
				6EACCE9F254663FC00F50C41 /* SDImageCachesManagerOperation.h */,
				6EACCEA0254663FC00F50C41 /* NSBezierPath+SDRoundedCorners.m */,
				6EACCEA1254663FC00F50C41 /* UIColor+SDHexString.h */,
				6EACCEA2254663FC00F50C41 /* SDDisplayLink.m */,
				6EACCEA3254663FC00F50C41 /* SDImageAssetManager.h */,
				6EACCEA4254663FC00F50C41 /* SDAsyncBlockOperation.m */,
				6EACCEA5254663FC00F50C41 /* SDAssociatedObject.m */,
			);
			path = Private;
			sourceTree = "<group>";
		};
/* End PBXGroup section */

/* Begin PBXNativeTarget section */
		6E71A33A254432C30054AB57 /* SDWebImageCode */ = {
			isa = PBXNativeTarget;
			buildConfigurationList = 6E71A354254432C60054AB57 /* Build configuration list for PBXNativeTarget "SDWebImageCode" */;
			buildPhases = (
				6E71A337254432C30054AB57 /* Sources */,
				6E71A338254432C30054AB57 /* Frameworks */,
				6E71A339254432C30054AB57 /* Resources */,
			);
			buildRules = (
			);
			dependencies = (
			);
			name = SDWebImageCode;
			productName = SDWebImageCode;
			productReference = 6E71A33B254432C30054AB57 /* SDWebImageCode.app */;
			productType = "com.apple.product-type.application";
		};
/* End PBXNativeTarget section */

/* Begin PBXProject section */
		6E71A333254432C30054AB57 /* Project object */ = {
			isa = PBXProject;
			attributes = {
				LastUpgradeCheck = 1140;
				ORGANIZATIONNAME = HuangGang;
				TargetAttributes = {
					6E71A33A254432C30054AB57 = {
						CreatedOnToolsVersion = 11.4;
					};
				};
			};
			buildConfigurationList = 6E71A336254432C30054AB57 /* Build configuration list for PBXProject "SDWebImageCode" */;
			compatibilityVersion = "Xcode 9.3";
			developmentRegion = en;
			hasScannedForEncodings = 0;
			knownRegions = (
				en,
				Base,
			);
			mainGroup = 6E71A332254432C30054AB57;
			productRefGroup = 6E71A33C254432C30054AB57 /* Products */;
			projectDirPath = "";
			projectRoot = "";
			targets = (
				6E71A33A254432C30054AB57 /* SDWebImageCode */,
			);
		};
/* End PBXProject section */

/* Begin PBXResourcesBuildPhase section */
		6E71A339254432C30054AB57 /* Resources */ = {
			isa = PBXResourcesBuildPhase;
			buildActionMask = 2147483647;
			files = (
				6E71A34E254432C60054AB57 /* LaunchScreen.storyboard in Resources */,
				6E71A34B254432C60054AB57 /* Assets.xcassets in Resources */,
				6E71A349254432C30054AB57 /* Main.storyboard in Resources */,
			);
			runOnlyForDeploymentPostprocessing = 0;
		};
/* End PBXResourcesBuildPhase section */

/* Begin PBXSourcesBuildPhase section */
		6E71A337254432C30054AB57 /* Sources */ = {
			isa = PBXSourcesBuildPhase;
			buildActionMask = 2147483647;
			files = (
				6EACCEAB254663FC00F50C41 /* SDImageCoder.m in Sources */,
				6E71A346254432C30054AB57 /* ViewController.m in Sources */,
				6E71A340254432C30054AB57 /* AppDelegate.m in Sources */,
				6EACCEC8254663FC00F50C41 /* UIImage+ExtendedCacheData.m in Sources */,
				6EACCEB6254663FC00F50C41 /* SDImageLoader.m in Sources */,
				6EACCEBE254663FC00F50C41 /* SDWebImageCompat.m in Sources */,
				6EACCEBD254663FC00F50C41 /* SDMemoryCache.m in Sources */,
				6EACCEE1254663FC00F50C41 /* SDImageCachesManagerOperation.m in Sources */,
				6EACCEBF254663FC00F50C41 /* SDImageAPNGCoder.m in Sources */,
				6EACCEAA254663FC00F50C41 /* SDAnimatedImageView+WebCache.m in Sources */,
				6EACCEB1254663FC00F50C41 /* SDAnimatedImageView.m in Sources */,
				6EACCECA254663FC00F50C41 /* SDImageCache.m in Sources */,
				6EACCEBB254663FC00F50C41 /* SDImageCodersManager.m in Sources */,
				6EACCEA8254663FC00F50C41 /* SDImageHEICCoder.m in Sources */,
				6EACCEB0254663FC00F50C41 /* SDAnimatedImage.m in Sources */,
				6EACCED1254663FC00F50C41 /* SDImageTransformer.m in Sources */,
				6EACCEB9254663FC00F50C41 /* SDGraphicsImageRenderer.m in Sources */,
				6EACCEB7254663FC00F50C41 /* SDWebImageCacheSerializer.m in Sources */,
				6EACCEAC254663FC00F50C41 /* SDWebImageDownloaderDecryptor.m in Sources */,
				6EACCEAF254663FC00F50C41 /* UIImageView+HighlightedWebCache.m in Sources */,
				6EACCED8254663FC00F50C41 /* SDWebImageCacheKeyFilter.m in Sources */,
				6EACCEDE254663FC00F50C41 /* UIButton+WebCache.m in Sources */,
				6EACCECD254663FC00F50C41 /* SDWebImageDownloaderOperation.m in Sources */,
				6EACCEC0254663FC00F50C41 /* SDWebImageDownloaderResponseModifier.m in Sources */,
				6EACCED9254663FC00F50C41 /* SDWebImageDefine.m in Sources */,
				6E71A351254432C60054AB57 /* main.m in Sources */,
				6EACCEDD254663FC00F50C41 /* UIImage+Metadata.m in Sources */,
				6EACCEDA254663FC00F50C41 /* SDWebImageOptionsProcessor.m in Sources */,
				6EACCED5254663FC00F50C41 /* SDImageCacheDefine.m in Sources */,
				6EACCECF254663FC00F50C41 /* SDImageCachesManager.m in Sources */,
				6EACCEE5254663FC00F50C41 /* SDInternalMacros.m in Sources */,
				6EACCED0254663FC00F50C41 /* SDWebImageTransition.m in Sources */,
				6EACCEE7254663FC00F50C41 /* NSBezierPath+SDRoundedCorners.m in Sources */,
				6EACCEC6254663FC00F50C41 /* SDDiskCache.m in Sources */,
				6EACCEDC254663FC00F50C41 /* UIView+WebCache.m in Sources */,
				6EACCEC1254663FC00F50C41 /* SDWebImageError.m in Sources */,
				6EACCED3254663FC00F50C41 /* UIImageView+WebCache.m in Sources */,
				6EACCEC4254663FC00F50C41 /* NSButton+WebCache.m in Sources */,
				6EACCEB8254663FC00F50C41 /* SDWebImageIndicator.m in Sources */,
				6EACCECC254663FC00F50C41 /* SDImageFrame.m in Sources */,
				6EACCEB5254663FC00F50C41 /* SDWebImageDownloader.m in Sources */,
				6EACCEE2254663FC00F50C41 /* SDImageAssetManager.m in Sources */,
				6EACCEE4254663FC00F50C41 /* SDWeakProxy.m in Sources */,
				6EACCECB254663FC00F50C41 /* SDImageGIFCoder.m in Sources */,
				6EACCEBA254663FC00F50C41 /* UIImage+GIF.m in Sources */,
				6EACCECE254663FC00F50C41 /* SDImageLoadersManager.m in Sources */,
				6EACCEC3254663FC00F50C41 /* SDImageCoderHelper.m in Sources */,
				6EACCEAD254663FC00F50C41 /* SDWebImageManager.m in Sources */,
				6EACCEDF254663FC00F50C41 /* SDWebImageDownloaderRequestModifier.m in Sources */,
				6EACCEAE254663FC00F50C41 /* SDImageIOAnimatedCoder.m in Sources */,
				6EACCEC5254663FC00F50C41 /* SDImageIOCoder.m in Sources */,
				6EACCEC2254663FC00F50C41 /* SDWebImagePrefetcher.m in Sources */,
				6EACCED2254663FC00F50C41 /* NSData+ImageContentType.m in Sources */,
				6EACCEE3254663FC00F50C41 /* SDDeviceHelper.m in Sources */,
				6EACCEC9254663FC00F50C41 /* SDWebImageDownloaderConfig.m in Sources */,
				6EACCED4254663FC00F50C41 /* SDImageGraphics.m in Sources */,
				6EACCEB3254663FC00F50C41 /* SDAnimatedImagePlayer.m in Sources */,
				6EACCEB4254663FC00F50C41 /* UIImage+Transform.m in Sources */,
				6EACCEC7254663FC00F50C41 /* SDAnimatedImageRep.m in Sources */,
				6E71A343254432C30054AB57 /* SceneDelegate.m in Sources */,
				6EACCEE6254663FC00F50C41 /* SDFileAttributeHelper.m in Sources */,
				6EACCEEA254663FC00F50C41 /* SDAssociatedObject.m in Sources */,
				6EACCEE0254663FC00F50C41 /* UIColor+SDHexString.m in Sources */,
				6EACCEBC254663FC00F50C41 /* UIImage+MultiFormat.m in Sources */,
				6EACCED6254663FC00F50C41 /* UIImage+MemoryCacheCost.m in Sources */,
				6EACCEDB254663FC00F50C41 /* UIView+WebCacheOperation.m in Sources */,
				6EACCEB2254663FC00F50C41 /* UIImage+ForceDecode.m in Sources */,
				6EACCEA9254663FC00F50C41 /* NSImage+Compatibility.m in Sources */,
				6EACCEE8254663FC00F50C41 /* SDDisplayLink.m in Sources */,
				6EACCED7254663FC00F50C41 /* SDImageCacheConfig.m in Sources */,
				6EACCEE9254663FC00F50C41 /* SDAsyncBlockOperation.m in Sources */,
			);
			runOnlyForDeploymentPostprocessing = 0;
		};
/* End PBXSourcesBuildPhase section */

/* Begin PBXVariantGroup section */
		6E71A347254432C30054AB57 /* Main.storyboard */ = {
			isa = PBXVariantGroup;
			children = (
				6E71A348254432C30054AB57 /* Base */,
			);
			name = Main.storyboard;
			sourceTree = "<group>";
		};
		6E71A34C254432C60054AB57 /* LaunchScreen.storyboard */ = {
			isa = PBXVariantGroup;
			children = (
				6E71A34D254432C60054AB57 /* Base */,
			);
			name = LaunchScreen.storyboard;
			sourceTree = "<group>";
		};
/* End PBXVariantGroup section */

/* Begin XCBuildConfiguration section */
		6E71A352254432C60054AB57 /* Debug */ = {
			isa = XCBuildConfiguration;
			buildSettings = {
				ALWAYS_SEARCH_USER_PATHS = NO;
				CLANG_ANALYZER_NONNULL = YES;
				CLANG_ANALYZER_NUMBER_OBJECT_CONVERSION = YES_AGGRESSIVE;
				CLANG_CXX_LANGUAGE_STANDARD = "gnu++14";
				CLANG_CXX_LIBRARY = "libc++";
				CLANG_ENABLE_MODULES = YES;
				CLANG_ENABLE_OBJC_ARC = YES;
				CLANG_ENABLE_OBJC_WEAK = YES;
				CLANG_WARN_BLOCK_CAPTURE_AUTORELEASING = YES;
				CLANG_WARN_BOOL_CONVERSION = YES;
				CLANG_WARN_COMMA = YES;
				CLANG_WARN_CONSTANT_CONVERSION = YES;
				CLANG_WARN_DEPRECATED_OBJC_IMPLEMENTATIONS = YES;
				CLANG_WARN_DIRECT_OBJC_ISA_USAGE = YES_ERROR;
				CLANG_WARN_DOCUMENTATION_COMMENTS = YES;
				CLANG_WARN_EMPTY_BODY = YES;
				CLANG_WARN_ENUM_CONVERSION = YES;
				CLANG_WARN_INFINITE_RECURSION = YES;
				CLANG_WARN_INT_CONVERSION = YES;
				CLANG_WARN_NON_LITERAL_NULL_CONVERSION = YES;
				CLANG_WARN_OBJC_IMPLICIT_RETAIN_SELF = YES;
				CLANG_WARN_OBJC_LITERAL_CONVERSION = YES;
				CLANG_WARN_OBJC_ROOT_CLASS = YES_ERROR;
				CLANG_WARN_RANGE_LOOP_ANALYSIS = YES;
				CLANG_WARN_STRICT_PROTOTYPES = YES;
				CLANG_WARN_SUSPICIOUS_MOVE = YES;
				CLANG_WARN_UNGUARDED_AVAILABILITY = YES_AGGRESSIVE;
				CLANG_WARN_UNREACHABLE_CODE = YES;
				CLANG_WARN__DUPLICATE_METHOD_MATCH = YES;
				COPY_PHASE_STRIP = NO;
				DEBUG_INFORMATION_FORMAT = dwarf;
				ENABLE_STRICT_OBJC_MSGSEND = YES;
				ENABLE_TESTABILITY = YES;
				GCC_C_LANGUAGE_STANDARD = gnu11;
				GCC_DYNAMIC_NO_PIC = NO;
				GCC_NO_COMMON_BLOCKS = YES;
				GCC_OPTIMIZATION_LEVEL = 0;
				GCC_PREPROCESSOR_DEFINITIONS = (
					"DEBUG=1",
					"$(inherited)",
				);
				GCC_WARN_64_TO_32_BIT_CONVERSION = YES;
				GCC_WARN_ABOUT_RETURN_TYPE = YES_ERROR;
				GCC_WARN_UNDECLARED_SELECTOR = YES;
				GCC_WARN_UNINITIALIZED_AUTOS = YES_AGGRESSIVE;
				GCC_WARN_UNUSED_FUNCTION = YES;
				GCC_WARN_UNUSED_VARIABLE = YES;
				IPHONEOS_DEPLOYMENT_TARGET = 13.4;
				MTL_ENABLE_DEBUG_INFO = INCLUDE_SOURCE;
				MTL_FAST_MATH = YES;
				ONLY_ACTIVE_ARCH = YES;
				SDKROOT = iphoneos;
			};
			name = Debug;
		};
		6E71A353254432C60054AB57 /* Release */ = {
			isa = XCBuildConfiguration;
			buildSettings = {
				ALWAYS_SEARCH_USER_PATHS = NO;
				CLANG_ANALYZER_NONNULL = YES;
				CLANG_ANALYZER_NUMBER_OBJECT_CONVERSION = YES_AGGRESSIVE;
				CLANG_CXX_LANGUAGE_STANDARD = "gnu++14";
				CLANG_CXX_LIBRARY = "libc++";
				CLANG_ENABLE_MODULES = YES;
				CLANG_ENABLE_OBJC_ARC = YES;
				CLANG_ENABLE_OBJC_WEAK = YES;
				CLANG_WARN_BLOCK_CAPTURE_AUTORELEASING = YES;
				CLANG_WARN_BOOL_CONVERSION = YES;
				CLANG_WARN_COMMA = YES;
				CLANG_WARN_CONSTANT_CONVERSION = YES;
				CLANG_WARN_DEPRECATED_OBJC_IMPLEMENTATIONS = YES;
				CLANG_WARN_DIRECT_OBJC_ISA_USAGE = YES_ERROR;
				CLANG_WARN_DOCUMENTATION_COMMENTS = YES;
				CLANG_WARN_EMPTY_BODY = YES;
				CLANG_WARN_ENUM_CONVERSION = YES;
				CLANG_WARN_INFINITE_RECURSION = YES;
				CLANG_WARN_INT_CONVERSION = YES;
				CLANG_WARN_NON_LITERAL_NULL_CONVERSION = YES;
				CLANG_WARN_OBJC_IMPLICIT_RETAIN_SELF = YES;
				CLANG_WARN_OBJC_LITERAL_CONVERSION = YES;
				CLANG_WARN_OBJC_ROOT_CLASS = YES_ERROR;
				CLANG_WARN_RANGE_LOOP_ANALYSIS = YES;
				CLANG_WARN_STRICT_PROTOTYPES = YES;
				CLANG_WARN_SUSPICIOUS_MOVE = YES;
				CLANG_WARN_UNGUARDED_AVAILABILITY = YES_AGGRESSIVE;
				CLANG_WARN_UNREACHABLE_CODE = YES;
				CLANG_WARN__DUPLICATE_METHOD_MATCH = YES;
				COPY_PHASE_STRIP = NO;
				DEBUG_INFORMATION_FORMAT = "dwarf-with-dsym";
				ENABLE_NS_ASSERTIONS = NO;
				ENABLE_STRICT_OBJC_MSGSEND = YES;
				GCC_C_LANGUAGE_STANDARD = gnu11;
				GCC_NO_COMMON_BLOCKS = YES;
				GCC_WARN_64_TO_32_BIT_CONVERSION = YES;
				GCC_WARN_ABOUT_RETURN_TYPE = YES_ERROR;
				GCC_WARN_UNDECLARED_SELECTOR = YES;
				GCC_WARN_UNINITIALIZED_AUTOS = YES_AGGRESSIVE;
				GCC_WARN_UNUSED_FUNCTION = YES;
				GCC_WARN_UNUSED_VARIABLE = YES;
				IPHONEOS_DEPLOYMENT_TARGET = 13.4;
				MTL_ENABLE_DEBUG_INFO = NO;
				MTL_FAST_MATH = YES;
				SDKROOT = iphoneos;
				VALIDATE_PRODUCT = YES;
			};
			name = Release;
		};
		6E71A355254432C60054AB57 /* Debug */ = {
			isa = XCBuildConfiguration;
			buildSettings = {
				ASSETCATALOG_COMPILER_APPICON_NAME = AppIcon;
				CODE_SIGN_STYLE = Automatic;
				DEVELOPMENT_TEAM = 9V5V76MMGS;
				HEADER_SEARCH_PATHS = "";
				INFOPLIST_FILE = SDWebImageCode/Info.plist;
				LD_RUNPATH_SEARCH_PATHS = (
					"$(inherited)",
					"@executable_path/Frameworks",
				);
				LIBRARY_SEARCH_PATHS = "";
				OTHER_LDFLAGS = "$(inherited)";
				PRODUCT_BUNDLE_IDENTIFIER = HarleyHuang.SDWebImageCode;
				PRODUCT_NAME = "$(TARGET_NAME)";
				TARGETED_DEVICE_FAMILY = "1,2";
				USER_HEADER_SEARCH_PATHS = "";
			};
			name = Debug;
		};
		6E71A356254432C60054AB57 /* Release */ = {
			isa = XCBuildConfiguration;
			buildSettings = {
				ASSETCATALOG_COMPILER_APPICON_NAME = AppIcon;
				CODE_SIGN_STYLE = Automatic;
				DEVELOPMENT_TEAM = 9V5V76MMGS;
				HEADER_SEARCH_PATHS = "";
				INFOPLIST_FILE = SDWebImageCode/Info.plist;
				LD_RUNPATH_SEARCH_PATHS = (
					"$(inherited)",
					"@executable_path/Frameworks",
				);
				LIBRARY_SEARCH_PATHS = "";
				OTHER_LDFLAGS = "$(inherited)";
				PRODUCT_BUNDLE_IDENTIFIER = HarleyHuang.SDWebImageCode;
				PRODUCT_NAME = "$(TARGET_NAME)";
				TARGETED_DEVICE_FAMILY = "1,2";
				USER_HEADER_SEARCH_PATHS = "";
			};
			name = Release;
		};
/* End XCBuildConfiguration section */

/* Begin XCConfigurationList section */
		6E71A336254432C30054AB57 /* Build configuration list for PBXProject "SDWebImageCode" */ = {
			isa = XCConfigurationList;
			buildConfigurations = (
				6E71A352254432C60054AB57 /* Debug */,
				6E71A353254432C60054AB57 /* Release */,
			);
			defaultConfigurationIsVisible = 0;
			defaultConfigurationName = Release;
		};
		6E71A354254432C60054AB57 /* Build configuration list for PBXNativeTarget "SDWebImageCode" */ = {
			isa = XCConfigurationList;
			buildConfigurations = (
				6E71A355254432C60054AB57 /* Debug */,
				6E71A356254432C60054AB57 /* Release */,
			);
			defaultConfigurationIsVisible = 0;
			defaultConfigurationName = Release;
		};
/* End XCConfigurationList section */
	};
	rootObject = 6E71A333254432C30054AB57 /* Project object */;
}
