PODS:
  - CocoaLumberjack/Core (3.7.0)
  - CocoaLumberjack/Swift (3.7.0):
    - CocoaLumberjack/Core
  - KeychainAccess (4.2.1)
  - Mixpanel (2.8.1):
    - Mixpanel/Mixpanel (= 2.8.1)
  - Mixpanel/Mixpanel (2.8.1):
    - Mixpanel/MPCategoryHelpers
  - Mixpanel/MPCategoryHelpers (2.8.1)
  - R.swift (5.2.2):
    - R.swift.Library (~> 5.2.0)
  - R.swift.Library (5.2.0)
  - RxCocoa (5.1.1):
    - RxRelay (~> 5)
    - RxSwift (~> 5)
  - RxRelay (5.1.1):
    - RxSwift (~> 5)
  - RxSwift (5.1.1)
  - RxTheme (4.1.1):
    - RxCocoa (~> 5.0)
    - RxSwift (~> 5.0)
  - RxViewController (1.0.0):
    - RxCocoa (~> 5.0)
    - RxSwift (~> 5.0)
  - SwifterSwift (5.2.0):
    - SwifterSwift/AppKit (= 5.2.0)
    - SwifterSwift/CoreAnimation (= 5.2.0)
    - SwifterSwift/CoreGraphics (= 5.2.0)
    - SwifterSwift/CoreLocation (= 5.2.0)
    - SwifterSwift/Dispatch (= 5.2.0)
    - SwifterSwift/Foundation (= 5.2.0)
    - SwifterSwift/MapKit (= 5.2.0)
    - SwifterSwift/SceneKit (= 5.2.0)
    - SwifterSwift/SpriteKit (= 5.2.0)
    - SwifterSwift/StoreKit (= 5.2.0)
    - SwifterSwift/SwiftStdlib (= 5.2.0)
    - SwifterSwift/UIKit (= 5.2.0)
  - SwifterSwift/AppKit (5.2.0)
  - SwifterSwift/CoreAnimation (5.2.0)
  - SwifterSwift/CoreGraphics (5.2.0)
  - SwifterSwift/CoreLocation (5.2.0)
  - SwifterSwift/Dispatch (5.2.0)
  - SwifterSwift/Foundation (5.2.0)
  - SwifterSwift/MapKit (5.2.0)
  - SwifterSwift/SceneKit (5.2.0)
  - SwifterSwift/SpriteKit (5.2.0)
  - SwifterSwift/StoreKit (5.2.0)
  - SwifterSwift/SwiftStdlib (5.2.0)
  - SwifterSwift/UIKit (5.2.0)

DEPENDENCIES:
  - CocoaLumberjack/Swift (= 3.7.0)
  - KeychainAccess (= 4.2.1)
  - Mixpanel (= 2.8.1)
  - R.swift (= 5.2.2)
  - RxRelay (= 5.1.1)
  - RxSwift (= 5.1.1)
  - RxTheme (= 4.1.1)
  - RxViewController (= 1.0.0)
  - SwifterSwift

SPEC REPOS:
  trunk:
    - CocoaLumberjack
    - KeychainAccess
    - Mixpanel
    - R.swift
    - R.swift.Library
    - RxCocoa
    - RxRelay
    - RxSwift
    - RxTheme
    - RxViewController
    - SwifterSwift

SPEC CHECKSUMS:
  CocoaLumberjack: e8955b9d337ac307103b0a34fd141c32f27e53c5
  KeychainAccess: 9b07f665298d13c3a85881bd3171f6f49b8151c1
  Mixpanel: 93c4825025e6380ced273ed7178496282e385077
  R.swift: 7c52cdc57a66840ffe6cbd8a823d732059d42a32
  R.swift.Library: 5ba4f1631300caf9a4d890186930da85d540769d
  RxCocoa: 32065309a38d29b5b0db858819b5bf9ef038b601
  RxRelay: d77f7d771495f43c556cbc43eebd1bb54d01e8e9
  RxSwift: 81470a2074fa8780320ea5fe4102807cb7118178
  RxTheme: 7cda2f036363a0b620cf07b3480cbbbbb00c1d25
  RxViewController: 7330a46e5c31cd680db169da4c9fc8676e975a81
  SwifterSwift: 334181863c416882d97b7a60c05054d9e4d799e2

PODFILE CHECKSUM: 99cc9d9d4bf42b2729b535b1f3e494dd68055476

COCOAPODS: 1.9.3
