// !$*UTF8*$!
{
	archiveVersion = 1;
	classes = {
	};
	objectVersion = 50;
	objects = {

/* Begin PBXBuildFile section */
		6EACCF002546739C00F50C41 /* AppDelegate.m in Sources */ = {isa = PBXBuildFile; fileRef = 6EACCEFF2546739C00F50C41 /* AppDelegate.m */; };
		6EACCF032546739C00F50C41 /* SceneDelegate.m in Sources */ = {isa = PBXBuildFile; fileRef = 6EACCF022546739C00F50C41 /* SceneDelegate.m */; };
		6EACCF062546739C00F50C41 /* ViewController.m in Sources */ = {isa = PBXBuildFile; fileRef = 6EACCF052546739C00F50C41 /* ViewController.m */; };
		6EACCF092546739C00F50C41 /* Main.storyboard in Resources */ = {isa = PBXBuildFile; fileRef = 6EACCF072546739C00F50C41 /* Main.storyboard */; };
		6EACCF0B2546739E00F50C41 /* Assets.xcassets in Resources */ = {isa = PBXBuildFile; fileRef = 6EACCF0A2546739E00F50C41 /* Assets.xcassets */; };
		6EACCF0E2546739E00F50C41 /* LaunchScreen.storyboard in Resources */ = {isa = PBXBuildFile; fileRef = 6EACCF0C2546739E00F50C41 /* LaunchScreen.storyboard */; };
		6EACCF112546739E00F50C41 /* main.m in Sources */ = {isa = PBXBuildFile; fileRef = 6EACCF102546739E00F50C41 /* main.m */; };
		6EACCF412546744F00F50C41 /* AFSecurityPolicy.m in Sources */ = {isa = PBXBuildFile; fileRef = 6EACCF1D2546744F00F50C41 /* AFSecurityPolicy.m */; };
		6EACCF422546744F00F50C41 /* AFURLResponseSerialization.m in Sources */ = {isa = PBXBuildFile; fileRef = 6EACCF202546744F00F50C41 /* AFURLResponseSerialization.m */; };
		6EACCF432546744F00F50C41 /* AFURLRequestSerialization.m in Sources */ = {isa = PBXBuildFile; fileRef = 6EACCF222546744F00F50C41 /* AFURLRequestSerialization.m */; };
		6EACCF442546744F00F50C41 /* UIProgressView+AFNetworking.m in Sources */ = {isa = PBXBuildFile; fileRef = 6EACCF262546744F00F50C41 /* UIProgressView+AFNetworking.m */; };
		6EACCF452546744F00F50C41 /* UIRefreshControl+AFNetworking.m in Sources */ = {isa = PBXBuildFile; fileRef = 6EACCF282546744F00F50C41 /* UIRefreshControl+AFNetworking.m */; };
		6EACCF462546744F00F50C41 /* AFNetworkActivityIndicatorManager.m in Sources */ = {isa = PBXBuildFile; fileRef = 6EACCF2B2546744F00F50C41 /* AFNetworkActivityIndicatorManager.m */; };
		6EACCF472546744F00F50C41 /* WKWebView+AFNetworking.m in Sources */ = {isa = PBXBuildFile; fileRef = 6EACCF2E2546744F00F50C41 /* WKWebView+AFNetworking.m */; };
		6EACCF482546744F00F50C41 /* UIImageView+AFNetworking.m in Sources */ = {isa = PBXBuildFile; fileRef = 6EACCF302546744F00F50C41 /* UIImageView+AFNetworking.m */; };
		6EACCF492546744F00F50C41 /* UIButton+AFNetworking.m in Sources */ = {isa = PBXBuildFile; fileRef = 6EACCF332546744F00F50C41 /* UIButton+AFNetworking.m */; };
		6EACCF4A2546744F00F50C41 /* UIActivityIndicatorView+AFNetworking.m in Sources */ = {isa = PBXBuildFile; fileRef = 6EACCF342546744F00F50C41 /* UIActivityIndicatorView+AFNetworking.m */; };
		6EACCF4B2546744F00F50C41 /* AFAutoPurgingImageCache.m in Sources */ = {isa = PBXBuildFile; fileRef = 6EACCF352546744F00F50C41 /* AFAutoPurgingImageCache.m */; };
		6EACCF4C2546744F00F50C41 /* AFImageDownloader.m in Sources */ = {isa = PBXBuildFile; fileRef = 6EACCF372546744F00F50C41 /* AFImageDownloader.m */; };
		6EACCF4D2546744F00F50C41 /* AFNetworkReachabilityManager.m in Sources */ = {isa = PBXBuildFile; fileRef = 6EACCF3A2546744F00F50C41 /* AFNetworkReachabilityManager.m */; };
		6EACCF4E2546744F00F50C41 /* AFHTTPSessionManager.m in Sources */ = {isa = PBXBuildFile; fileRef = 6EACCF3D2546744F00F50C41 /* AFHTTPSessionManager.m */; };
		6EACCF4F2546744F00F50C41 /* AFURLSessionManager.m in Sources */ = {isa = PBXBuildFile; fileRef = 6EACCF3E2546744F00F50C41 /* AFURLSessionManager.m */; };
/* End PBXBuildFile section */

/* Begin PBXFileReference section */
		6EACCEFB2546739C00F50C41 /* AFNetWorkingCode.app */ = {isa = PBXFileReference; explicitFileType = wrapper.application; includeInIndex = 0; path = AFNetWorkingCode.app; sourceTree = BUILT_PRODUCTS_DIR; };
		6EACCEFE2546739C00F50C41 /* AppDelegate.h */ = {isa = PBXFileReference; lastKnownFileType = sourcecode.c.h; path = AppDelegate.h; sourceTree = "<group>"; };
		6EACCEFF2546739C00F50C41 /* AppDelegate.m */ = {isa = PBXFileReference; lastKnownFileType = sourcecode.c.objc; path = AppDelegate.m; sourceTree = "<group>"; };
		6EACCF012546739C00F50C41 /* SceneDelegate.h */ = {isa = PBXFileReference; lastKnownFileType = sourcecode.c.h; path = SceneDelegate.h; sourceTree = "<group>"; };
		6EACCF022546739C00F50C41 /* SceneDelegate.m */ = {isa = PBXFileReference; lastKnownFileType = sourcecode.c.objc; path = SceneDelegate.m; sourceTree = "<group>"; };
		6EACCF042546739C00F50C41 /* ViewController.h */ = {isa = PBXFileReference; lastKnownFileType = sourcecode.c.h; path = ViewController.h; sourceTree = "<group>"; };
		6EACCF052546739C00F50C41 /* ViewController.m */ = {isa = PBXFileReference; lastKnownFileType = sourcecode.c.objc; path = ViewController.m; sourceTree = "<group>"; };
		6EACCF082546739C00F50C41 /* Base */ = {isa = PBXFileReference; lastKnownFileType = file.storyboard; name = Base; path = Base.lproj/Main.storyboard; sourceTree = "<group>"; };
		6EACCF0A2546739E00F50C41 /* Assets.xcassets */ = {isa = PBXFileReference; lastKnownFileType = folder.assetcatalog; path = Assets.xcassets; sourceTree = "<group>"; };
		6EACCF0D2546739E00F50C41 /* Base */ = {isa = PBXFileReference; lastKnownFileType = file.storyboard; name = Base; path = Base.lproj/LaunchScreen.storyboard; sourceTree = "<group>"; };
		6EACCF0F2546739E00F50C41 /* Info.plist */ = {isa = PBXFileReference; lastKnownFileType = text.plist.xml; path = Info.plist; sourceTree = "<group>"; };
		6EACCF102546739E00F50C41 /* main.m */ = {isa = PBXFileReference; lastKnownFileType = sourcecode.c.objc; path = main.m; sourceTree = "<group>"; };
		6EACCF1C2546744F00F50C41 /* AFSecurityPolicy.h */ = {isa = PBXFileReference; fileEncoding = 4; lastKnownFileType = sourcecode.c.h; path = AFSecurityPolicy.h; sourceTree = "<group>"; };
		6EACCF1D2546744F00F50C41 /* AFSecurityPolicy.m */ = {isa = PBXFileReference; fileEncoding = 4; lastKnownFileType = sourcecode.c.objc; path = AFSecurityPolicy.m; sourceTree = "<group>"; };
		6EACCF1F2546744F00F50C41 /* AFURLRequestSerialization.h */ = {isa = PBXFileReference; fileEncoding = 4; lastKnownFileType = sourcecode.c.h; path = AFURLRequestSerialization.h; sourceTree = "<group>"; };
		6EACCF202546744F00F50C41 /* AFURLResponseSerialization.m */ = {isa = PBXFileReference; fileEncoding = 4; lastKnownFileType = sourcecode.c.objc; path = AFURLResponseSerialization.m; sourceTree = "<group>"; };
		6EACCF212546744F00F50C41 /* AFURLResponseSerialization.h */ = {isa = PBXFileReference; fileEncoding = 4; lastKnownFileType = sourcecode.c.h; path = AFURLResponseSerialization.h; sourceTree = "<group>"; };
		6EACCF222546744F00F50C41 /* AFURLRequestSerialization.m */ = {isa = PBXFileReference; fileEncoding = 4; lastKnownFileType = sourcecode.c.objc; path = AFURLRequestSerialization.m; sourceTree = "<group>"; };
		6EACCF232546744F00F50C41 /* AFNetworking.h */ = {isa = PBXFileReference; fileEncoding = 4; lastKnownFileType = sourcecode.c.h; path = AFNetworking.h; sourceTree = "<group>"; };
		6EACCF252546744F00F50C41 /* WKWebView+AFNetworking.h */ = {isa = PBXFileReference; fileEncoding = 4; lastKnownFileType = sourcecode.c.h; path = "WKWebView+AFNetworking.h"; sourceTree = "<group>"; };
		6EACCF262546744F00F50C41 /* UIProgressView+AFNetworking.m */ = {isa = PBXFileReference; fileEncoding = 4; lastKnownFileType = sourcecode.c.objc; path = "UIProgressView+AFNetworking.m"; sourceTree = "<group>"; };
		6EACCF272546744F00F50C41 /* UIButton+AFNetworking.h */ = {isa = PBXFileReference; fileEncoding = 4; lastKnownFileType = sourcecode.c.h; path = "UIButton+AFNetworking.h"; sourceTree = "<group>"; };
		6EACCF282546744F00F50C41 /* UIRefreshControl+AFNetworking.m */ = {isa = PBXFileReference; fileEncoding = 4; lastKnownFileType = sourcecode.c.objc; path = "UIRefreshControl+AFNetworking.m"; sourceTree = "<group>"; };
		6EACCF292546744F00F50C41 /* UIImageView+AFNetworking.h */ = {isa = PBXFileReference; fileEncoding = 4; lastKnownFileType = sourcecode.c.h; path = "UIImageView+AFNetworking.h"; sourceTree = "<group>"; };
		6EACCF2A2546744F00F50C41 /* AFImageDownloader.h */ = {isa = PBXFileReference; fileEncoding = 4; lastKnownFileType = sourcecode.c.h; path = AFImageDownloader.h; sourceTree = "<group>"; };
		6EACCF2B2546744F00F50C41 /* AFNetworkActivityIndicatorManager.m */ = {isa = PBXFileReference; fileEncoding = 4; lastKnownFileType = sourcecode.c.objc; path = AFNetworkActivityIndicatorManager.m; sourceTree = "<group>"; };
		6EACCF2C2546744F00F50C41 /* AFAutoPurgingImageCache.h */ = {isa = PBXFileReference; fileEncoding = 4; lastKnownFileType = sourcecode.c.h; path = AFAutoPurgingImageCache.h; sourceTree = "<group>"; };
		6EACCF2D2546744F00F50C41 /* UIActivityIndicatorView+AFNetworking.h */ = {isa = PBXFileReference; fileEncoding = 4; lastKnownFileType = sourcecode.c.h; path = "UIActivityIndicatorView+AFNetworking.h"; sourceTree = "<group>"; };
		6EACCF2E2546744F00F50C41 /* WKWebView+AFNetworking.m */ = {isa = PBXFileReference; fileEncoding = 4; lastKnownFileType = sourcecode.c.objc; path = "WKWebView+AFNetworking.m"; sourceTree = "<group>"; };
		6EACCF2F2546744F00F50C41 /* UIProgressView+AFNetworking.h */ = {isa = PBXFileReference; fileEncoding = 4; lastKnownFileType = sourcecode.c.h; path = "UIProgressView+AFNetworking.h"; sourceTree = "<group>"; };
		6EACCF302546744F00F50C41 /* UIImageView+AFNetworking.m */ = {isa = PBXFileReference; fileEncoding = 4; lastKnownFileType = sourcecode.c.objc; path = "UIImageView+AFNetworking.m"; sourceTree = "<group>"; };
		6EACCF312546744F00F50C41 /* UIKit+AFNetworking.h */ = {isa = PBXFileReference; fileEncoding = 4; lastKnownFileType = sourcecode.c.h; path = "UIKit+AFNetworking.h"; sourceTree = "<group>"; };
		6EACCF322546744F00F50C41 /* UIRefreshControl+AFNetworking.h */ = {isa = PBXFileReference; fileEncoding = 4; lastKnownFileType = sourcecode.c.h; path = "UIRefreshControl+AFNetworking.h"; sourceTree = "<group>"; };
		6EACCF332546744F00F50C41 /* UIButton+AFNetworking.m */ = {isa = PBXFileReference; fileEncoding = 4; lastKnownFileType = sourcecode.c.objc; path = "UIButton+AFNetworking.m"; sourceTree = "<group>"; };
		6EACCF342546744F00F50C41 /* UIActivityIndicatorView+AFNetworking.m */ = {isa = PBXFileReference; fileEncoding = 4; lastKnownFileType = sourcecode.c.objc; path = "UIActivityIndicatorView+AFNetworking.m"; sourceTree = "<group>"; };
		6EACCF352546744F00F50C41 /* AFAutoPurgingImageCache.m */ = {isa = PBXFileReference; fileEncoding = 4; lastKnownFileType = sourcecode.c.objc; path = AFAutoPurgingImageCache.m; sourceTree = "<group>"; };
		6EACCF362546744F00F50C41 /* AFNetworkActivityIndicatorManager.h */ = {isa = PBXFileReference; fileEncoding = 4; lastKnownFileType = sourcecode.c.h; path = AFNetworkActivityIndicatorManager.h; sourceTree = "<group>"; };
		6EACCF372546744F00F50C41 /* AFImageDownloader.m */ = {isa = PBXFileReference; fileEncoding = 4; lastKnownFileType = sourcecode.c.objc; path = AFImageDownloader.m; sourceTree = "<group>"; };
		6EACCF392546744F00F50C41 /* AFNetworkReachabilityManager.h */ = {isa = PBXFileReference; fileEncoding = 4; lastKnownFileType = sourcecode.c.h; path = AFNetworkReachabilityManager.h; sourceTree = "<group>"; };
		6EACCF3A2546744F00F50C41 /* AFNetworkReachabilityManager.m */ = {isa = PBXFileReference; fileEncoding = 4; lastKnownFileType = sourcecode.c.objc; path = AFNetworkReachabilityManager.m; sourceTree = "<group>"; };
		6EACCF3C2546744F00F50C41 /* AFURLSessionManager.h */ = {isa = PBXFileReference; fileEncoding = 4; lastKnownFileType = sourcecode.c.h; path = AFURLSessionManager.h; sourceTree = "<group>"; };
		6EACCF3D2546744F00F50C41 /* AFHTTPSessionManager.m */ = {isa = PBXFileReference; fileEncoding = 4; lastKnownFileType = sourcecode.c.objc; path = AFHTTPSessionManager.m; sourceTree = "<group>"; };
		6EACCF3E2546744F00F50C41 /* AFURLSessionManager.m */ = {isa = PBXFileReference; fileEncoding = 4; lastKnownFileType = sourcecode.c.objc; path = AFURLSessionManager.m; sourceTree = "<group>"; };
		6EACCF3F2546744F00F50C41 /* AFCompatibilityMacros.h */ = {isa = PBXFileReference; fileEncoding = 4; lastKnownFileType = sourcecode.c.h; path = AFCompatibilityMacros.h; sourceTree = "<group>"; };
		6EACCF402546744F00F50C41 /* AFHTTPSessionManager.h */ = {isa = PBXFileReference; fileEncoding = 4; lastKnownFileType = sourcecode.c.h; path = AFHTTPSessionManager.h; sourceTree = "<group>"; };
/* End PBXFileReference section */

/* Begin PBXFrameworksBuildPhase section */
		6EACCEF82546739C00F50C41 /* Frameworks */ = {
			isa = PBXFrameworksBuildPhase;
			buildActionMask = 2147483647;
			files = (
			);
			runOnlyForDeploymentPostprocessing = 0;
		};
/* End PBXFrameworksBuildPhase section */

/* Begin PBXGroup section */
		6EACCEF22546739C00F50C41 = {
			isa = PBXGroup;
			children = (
				6EACCEFD2546739C00F50C41 /* AFNetWorkingCode */,
				6EACCEFC2546739C00F50C41 /* Products */,
			);
			sourceTree = "<group>";
		};
		6EACCEFC2546739C00F50C41 /* Products */ = {
			isa = PBXGroup;
			children = (
				6EACCEFB2546739C00F50C41 /* AFNetWorkingCode.app */,
			);
			name = Products;
			sourceTree = "<group>";
		};
		6EACCEFD2546739C00F50C41 /* AFNetWorkingCode */ = {
			isa = PBXGroup;
			children = (
				6EACCF172546744F00F50C41 /* AFNetworking */,
				6EACCEFE2546739C00F50C41 /* AppDelegate.h */,
				6EACCEFF2546739C00F50C41 /* AppDelegate.m */,
				6EACCF012546739C00F50C41 /* SceneDelegate.h */,
				6EACCF022546739C00F50C41 /* SceneDelegate.m */,
				6EACCF042546739C00F50C41 /* ViewController.h */,
				6EACCF052546739C00F50C41 /* ViewController.m */,
				6EACCF072546739C00F50C41 /* Main.storyboard */,
				6EACCF0A2546739E00F50C41 /* Assets.xcassets */,
				6EACCF0C2546739E00F50C41 /* LaunchScreen.storyboard */,
				6EACCF0F2546739E00F50C41 /* Info.plist */,
				6EACCF102546739E00F50C41 /* main.m */,
			);
			path = AFNetWorkingCode;
			sourceTree = "<group>";
		};
		6EACCF172546744F00F50C41 /* AFNetworking */ = {
			isa = PBXGroup;
			children = (
				6EACCF232546744F00F50C41 /* AFNetworking.h */,
				6EACCF1B2546744F00F50C41 /* Security */,
				6EACCF1E2546744F00F50C41 /* Serialization */,
				6EACCF242546744F00F50C41 /* UIKit+AFNetworking */,
				6EACCF382546744F00F50C41 /* Reachability */,
				6EACCF3B2546744F00F50C41 /* NSURLSession */,
			);
			path = AFNetworking;
			sourceTree = "<group>";
		};
		6EACCF1B2546744F00F50C41 /* Security */ = {
			isa = PBXGroup;
			children = (
				6EACCF1C2546744F00F50C41 /* AFSecurityPolicy.h */,
				6EACCF1D2546744F00F50C41 /* AFSecurityPolicy.m */,
			);
			path = Security;
			sourceTree = "<group>";
		};
		6EACCF1E2546744F00F50C41 /* Serialization */ = {
			isa = PBXGroup;
			children = (
				6EACCF1F2546744F00F50C41 /* AFURLRequestSerialization.h */,
				6EACCF202546744F00F50C41 /* AFURLResponseSerialization.m */,
				6EACCF212546744F00F50C41 /* AFURLResponseSerialization.h */,
				6EACCF222546744F00F50C41 /* AFURLRequestSerialization.m */,
			);
			path = Serialization;
			sourceTree = "<group>";
		};
		6EACCF242546744F00F50C41 /* UIKit+AFNetworking */ = {
			isa = PBXGroup;
			children = (
				6EACCF252546744F00F50C41 /* WKWebView+AFNetworking.h */,
				6EACCF262546744F00F50C41 /* UIProgressView+AFNetworking.m */,
				6EACCF272546744F00F50C41 /* UIButton+AFNetworking.h */,
				6EACCF282546744F00F50C41 /* UIRefreshControl+AFNetworking.m */,
				6EACCF292546744F00F50C41 /* UIImageView+AFNetworking.h */,
				6EACCF2A2546744F00F50C41 /* AFImageDownloader.h */,
				6EACCF2B2546744F00F50C41 /* AFNetworkActivityIndicatorManager.m */,
				6EACCF2C2546744F00F50C41 /* AFAutoPurgingImageCache.h */,
				6EACCF2D2546744F00F50C41 /* UIActivityIndicatorView+AFNetworking.h */,
				6EACCF2E2546744F00F50C41 /* WKWebView+AFNetworking.m */,
				6EACCF2F2546744F00F50C41 /* UIProgressView+AFNetworking.h */,
				6EACCF302546744F00F50C41 /* UIImageView+AFNetworking.m */,
				6EACCF312546744F00F50C41 /* UIKit+AFNetworking.h */,
				6EACCF322546744F00F50C41 /* UIRefreshControl+AFNetworking.h */,
				6EACCF332546744F00F50C41 /* UIButton+AFNetworking.m */,
				6EACCF342546744F00F50C41 /* UIActivityIndicatorView+AFNetworking.m */,
				6EACCF352546744F00F50C41 /* AFAutoPurgingImageCache.m */,
				6EACCF362546744F00F50C41 /* AFNetworkActivityIndicatorManager.h */,
				6EACCF372546744F00F50C41 /* AFImageDownloader.m */,
			);
			path = "UIKit+AFNetworking";
			sourceTree = "<group>";
		};
		6EACCF382546744F00F50C41 /* Reachability */ = {
			isa = PBXGroup;
			children = (
				6EACCF392546744F00F50C41 /* AFNetworkReachabilityManager.h */,
				6EACCF3A2546744F00F50C41 /* AFNetworkReachabilityManager.m */,
			);
			path = Reachability;
			sourceTree = "<group>";
		};
		6EACCF3B2546744F00F50C41 /* NSURLSession */ = {
			isa = PBXGroup;
			children = (
				6EACCF3F2546744F00F50C41 /* AFCompatibilityMacros.h */,
				6EACCF402546744F00F50C41 /* AFHTTPSessionManager.h */,
				6EACCF3D2546744F00F50C41 /* AFHTTPSessionManager.m */,
				6EACCF3C2546744F00F50C41 /* AFURLSessionManager.h */,
				6EACCF3E2546744F00F50C41 /* AFURLSessionManager.m */,
			);
			path = NSURLSession;
			sourceTree = "<group>";
		};
/* End PBXGroup section */

/* Begin PBXNativeTarget section */
		6EACCEFA2546739C00F50C41 /* AFNetWorkingCode */ = {
			isa = PBXNativeTarget;
			buildConfigurationList = 6EACCF142546739E00F50C41 /* Build configuration list for PBXNativeTarget "AFNetWorkingCode" */;
			buildPhases = (
				6EACCEF72546739C00F50C41 /* Sources */,
				6EACCEF82546739C00F50C41 /* Frameworks */,
				6EACCEF92546739C00F50C41 /* Resources */,
			);
			buildRules = (
			);
			dependencies = (
			);
			name = AFNetWorkingCode;
			productName = AFNetWorkingCode;
			productReference = 6EACCEFB2546739C00F50C41 /* AFNetWorkingCode.app */;
			productType = "com.apple.product-type.application";
		};
/* End PBXNativeTarget section */

/* Begin PBXProject section */
		6EACCEF32546739C00F50C41 /* Project object */ = {
			isa = PBXProject;
			attributes = {
				LastUpgradeCheck = 1140;
				ORGANIZATIONNAME = HuangGang;
				TargetAttributes = {
					6EACCEFA2546739C00F50C41 = {
						CreatedOnToolsVersion = 11.4;
					};
				};
			};
			buildConfigurationList = 6EACCEF62546739C00F50C41 /* Build configuration list for PBXProject "AFNetWorkingCode" */;
			compatibilityVersion = "Xcode 9.3";
			developmentRegion = en;
			hasScannedForEncodings = 0;
			knownRegions = (
				en,
				Base,
			);
			mainGroup = 6EACCEF22546739C00F50C41;
			productRefGroup = 6EACCEFC2546739C00F50C41 /* Products */;
			projectDirPath = "";
			projectRoot = "";
			targets = (
				6EACCEFA2546739C00F50C41 /* AFNetWorkingCode */,
			);
		};
/* End PBXProject section */

/* Begin PBXResourcesBuildPhase section */
		6EACCEF92546739C00F50C41 /* Resources */ = {
			isa = PBXResourcesBuildPhase;
			buildActionMask = 2147483647;
			files = (
				6EACCF0E2546739E00F50C41 /* LaunchScreen.storyboard in Resources */,
				6EACCF0B2546739E00F50C41 /* Assets.xcassets in Resources */,
				6EACCF092546739C00F50C41 /* Main.storyboard in Resources */,
			);
			runOnlyForDeploymentPostprocessing = 0;
		};
/* End PBXResourcesBuildPhase section */

/* Begin PBXSourcesBuildPhase section */
		6EACCEF72546739C00F50C41 /* Sources */ = {
			isa = PBXSourcesBuildPhase;
			buildActionMask = 2147483647;
			files = (
				6EACCF4B2546744F00F50C41 /* AFAutoPurgingImageCache.m in Sources */,
				6EACCF442546744F00F50C41 /* UIProgressView+AFNetworking.m in Sources */,
				6EACCF062546739C00F50C41 /* ViewController.m in Sources */,
				6EACCF4E2546744F00F50C41 /* AFHTTPSessionManager.m in Sources */,
				6EACCF412546744F00F50C41 /* AFSecurityPolicy.m in Sources */,
				6EACCF002546739C00F50C41 /* AppDelegate.m in Sources */,
				6EACCF462546744F00F50C41 /* AFNetworkActivityIndicatorManager.m in Sources */,
				6EACCF112546739E00F50C41 /* main.m in Sources */,
				6EACCF4C2546744F00F50C41 /* AFImageDownloader.m in Sources */,
				6EACCF4A2546744F00F50C41 /* UIActivityIndicatorView+AFNetworking.m in Sources */,
				6EACCF4F2546744F00F50C41 /* AFURLSessionManager.m in Sources */,
				6EACCF452546744F00F50C41 /* UIRefreshControl+AFNetworking.m in Sources */,
				6EACCF482546744F00F50C41 /* UIImageView+AFNetworking.m in Sources */,
				6EACCF4D2546744F00F50C41 /* AFNetworkReachabilityManager.m in Sources */,
				6EACCF422546744F00F50C41 /* AFURLResponseSerialization.m in Sources */,
				6EACCF432546744F00F50C41 /* AFURLRequestSerialization.m in Sources */,
				6EACCF032546739C00F50C41 /* SceneDelegate.m in Sources */,
				6EACCF492546744F00F50C41 /* UIButton+AFNetworking.m in Sources */,
				6EACCF472546744F00F50C41 /* WKWebView+AFNetworking.m in Sources */,
			);
			runOnlyForDeploymentPostprocessing = 0;
		};
/* End PBXSourcesBuildPhase section */

/* Begin PBXVariantGroup section */
		6EACCF072546739C00F50C41 /* Main.storyboard */ = {
			isa = PBXVariantGroup;
			children = (
				6EACCF082546739C00F50C41 /* Base */,
			);
			name = Main.storyboard;
			sourceTree = "<group>";
		};
		6EACCF0C2546739E00F50C41 /* LaunchScreen.storyboard */ = {
			isa = PBXVariantGroup;
			children = (
				6EACCF0D2546739E00F50C41 /* Base */,
			);
			name = LaunchScreen.storyboard;
			sourceTree = "<group>";
		};
/* End PBXVariantGroup section */

/* Begin XCBuildConfiguration section */
		6EACCF122546739E00F50C41 /* Debug */ = {
			isa = XCBuildConfiguration;
			buildSettings = {
				ALWAYS_SEARCH_USER_PATHS = NO;
				CLANG_ANALYZER_NONNULL = YES;
				CLANG_ANALYZER_NUMBER_OBJECT_CONVERSION = YES_AGGRESSIVE;
				CLANG_CXX_LANGUAGE_STANDARD = "gnu++14";
				CLANG_CXX_LIBRARY = "libc++";
				CLANG_ENABLE_MODULES = YES;
				CLANG_ENABLE_OBJC_ARC = YES;
				CLANG_ENABLE_OBJC_WEAK = YES;
				CLANG_WARN_BLOCK_CAPTURE_AUTORELEASING = YES;
				CLANG_WARN_BOOL_CONVERSION = YES;
				CLANG_WARN_COMMA = YES;
				CLANG_WARN_CONSTANT_CONVERSION = YES;
				CLANG_WARN_DEPRECATED_OBJC_IMPLEMENTATIONS = YES;
				CLANG_WARN_DIRECT_OBJC_ISA_USAGE = YES_ERROR;
				CLANG_WARN_DOCUMENTATION_COMMENTS = YES;
				CLANG_WARN_EMPTY_BODY = YES;
				CLANG_WARN_ENUM_CONVERSION = YES;
				CLANG_WARN_INFINITE_RECURSION = YES;
				CLANG_WARN_INT_CONVERSION = YES;
				CLANG_WARN_NON_LITERAL_NULL_CONVERSION = YES;
				CLANG_WARN_OBJC_IMPLICIT_RETAIN_SELF = YES;
				CLANG_WARN_OBJC_LITERAL_CONVERSION = YES;
				CLANG_WARN_OBJC_ROOT_CLASS = YES_ERROR;
				CLANG_WARN_RANGE_LOOP_ANALYSIS = YES;
				CLANG_WARN_STRICT_PROTOTYPES = YES;
				CLANG_WARN_SUSPICIOUS_MOVE = YES;
				CLANG_WARN_UNGUARDED_AVAILABILITY = YES_AGGRESSIVE;
				CLANG_WARN_UNREACHABLE_CODE = YES;
				CLANG_WARN__DUPLICATE_METHOD_MATCH = YES;
				COPY_PHASE_STRIP = NO;
				DEBUG_INFORMATION_FORMAT = dwarf;
				ENABLE_STRICT_OBJC_MSGSEND = YES;
				ENABLE_TESTABILITY = YES;
				GCC_C_LANGUAGE_STANDARD = gnu11;
				GCC_DYNAMIC_NO_PIC = NO;
				GCC_NO_COMMON_BLOCKS = YES;
				GCC_OPTIMIZATION_LEVEL = 0;
				GCC_PREPROCESSOR_DEFINITIONS = (
					"DEBUG=1",
					"$(inherited)",
				);
				GCC_WARN_64_TO_32_BIT_CONVERSION = YES;
				GCC_WARN_ABOUT_RETURN_TYPE = YES_ERROR;
				GCC_WARN_UNDECLARED_SELECTOR = YES;
				GCC_WARN_UNINITIALIZED_AUTOS = YES_AGGRESSIVE;
				GCC_WARN_UNUSED_FUNCTION = YES;
				GCC_WARN_UNUSED_VARIABLE = YES;
				IPHONEOS_DEPLOYMENT_TARGET = 13.4;
				MTL_ENABLE_DEBUG_INFO = INCLUDE_SOURCE;
				MTL_FAST_MATH = YES;
				ONLY_ACTIVE_ARCH = YES;
				SDKROOT = iphoneos;
			};
			name = Debug;
		};
		6EACCF132546739E00F50C41 /* Release */ = {
			isa = XCBuildConfiguration;
			buildSettings = {
				ALWAYS_SEARCH_USER_PATHS = NO;
				CLANG_ANALYZER_NONNULL = YES;
				CLANG_ANALYZER_NUMBER_OBJECT_CONVERSION = YES_AGGRESSIVE;
				CLANG_CXX_LANGUAGE_STANDARD = "gnu++14";
				CLANG_CXX_LIBRARY = "libc++";
				CLANG_ENABLE_MODULES = YES;
				CLANG_ENABLE_OBJC_ARC = YES;
				CLANG_ENABLE_OBJC_WEAK = YES;
				CLANG_WARN_BLOCK_CAPTURE_AUTORELEASING = YES;
				CLANG_WARN_BOOL_CONVERSION = YES;
				CLANG_WARN_COMMA = YES;
				CLANG_WARN_CONSTANT_CONVERSION = YES;
				CLANG_WARN_DEPRECATED_OBJC_IMPLEMENTATIONS = YES;
				CLANG_WARN_DIRECT_OBJC_ISA_USAGE = YES_ERROR;
				CLANG_WARN_DOCUMENTATION_COMMENTS = YES;
				CLANG_WARN_EMPTY_BODY = YES;
				CLANG_WARN_ENUM_CONVERSION = YES;
				CLANG_WARN_INFINITE_RECURSION = YES;
				CLANG_WARN_INT_CONVERSION = YES;
				CLANG_WARN_NON_LITERAL_NULL_CONVERSION = YES;
				CLANG_WARN_OBJC_IMPLICIT_RETAIN_SELF = YES;
				CLANG_WARN_OBJC_LITERAL_CONVERSION = YES;
				CLANG_WARN_OBJC_ROOT_CLASS = YES_ERROR;
				CLANG_WARN_RANGE_LOOP_ANALYSIS = YES;
				CLANG_WARN_STRICT_PROTOTYPES = YES;
				CLANG_WARN_SUSPICIOUS_MOVE = YES;
				CLANG_WARN_UNGUARDED_AVAILABILITY = YES_AGGRESSIVE;
				CLANG_WARN_UNREACHABLE_CODE = YES;
				CLANG_WARN__DUPLICATE_METHOD_MATCH = YES;
				COPY_PHASE_STRIP = NO;
				DEBUG_INFORMATION_FORMAT = "dwarf-with-dsym";
				ENABLE_NS_ASSERTIONS = NO;
				ENABLE_STRICT_OBJC_MSGSEND = YES;
				GCC_C_LANGUAGE_STANDARD = gnu11;
				GCC_NO_COMMON_BLOCKS = YES;
				GCC_WARN_64_TO_32_BIT_CONVERSION = YES;
				GCC_WARN_ABOUT_RETURN_TYPE = YES_ERROR;
				GCC_WARN_UNDECLARED_SELECTOR = YES;
				GCC_WARN_UNINITIALIZED_AUTOS = YES_AGGRESSIVE;
				GCC_WARN_UNUSED_FUNCTION = YES;
				GCC_WARN_UNUSED_VARIABLE = YES;
				IPHONEOS_DEPLOYMENT_TARGET = 13.4;
				MTL_ENABLE_DEBUG_INFO = NO;
				MTL_FAST_MATH = YES;
				SDKROOT = iphoneos;
				VALIDATE_PRODUCT = YES;
			};
			name = Release;
		};
		6EACCF152546739E00F50C41 /* Debug */ = {
			isa = XCBuildConfiguration;
			buildSettings = {
				ASSETCATALOG_COMPILER_APPICON_NAME = AppIcon;
				CODE_SIGN_STYLE = Automatic;
				DEVELOPMENT_TEAM = 9V5V76MMGS;
				INFOPLIST_FILE = AFNetWorkingCode/Info.plist;
				LD_RUNPATH_SEARCH_PATHS = (
					"$(inherited)",
					"@executable_path/Frameworks",
				);
				PRODUCT_BUNDLE_IDENTIFIER = HarleyHuang.AFNetWorkingCode;
				PRODUCT_NAME = "$(TARGET_NAME)";
				TARGETED_DEVICE_FAMILY = "1,2";
			};
			name = Debug;
		};
		6EACCF162546739E00F50C41 /* Release */ = {
			isa = XCBuildConfiguration;
			buildSettings = {
				ASSETCATALOG_COMPILER_APPICON_NAME = AppIcon;
				CODE_SIGN_STYLE = Automatic;
				DEVELOPMENT_TEAM = 9V5V76MMGS;
				INFOPLIST_FILE = AFNetWorkingCode/Info.plist;
				LD_RUNPATH_SEARCH_PATHS = (
					"$(inherited)",
					"@executable_path/Frameworks",
				);
				PRODUCT_BUNDLE_IDENTIFIER = HarleyHuang.AFNetWorkingCode;
				PRODUCT_NAME = "$(TARGET_NAME)";
				TARGETED_DEVICE_FAMILY = "1,2";
			};
			name = Release;
		};
/* End XCBuildConfiguration section */

/* Begin XCConfigurationList section */
		6EACCEF62546739C00F50C41 /* Build configuration list for PBXProject "AFNetWorkingCode" */ = {
			isa = XCConfigurationList;
			buildConfigurations = (
				6EACCF122546739E00F50C41 /* Debug */,
				6EACCF132546739E00F50C41 /* Release */,
			);
			defaultConfigurationIsVisible = 0;
			defaultConfigurationName = Release;
		};
		6EACCF142546739E00F50C41 /* Build configuration list for PBXNativeTarget "AFNetWorkingCode" */ = {
			isa = XCConfigurationList;
			buildConfigurations = (
				6EACCF152546739E00F50C41 /* Debug */,
				6EACCF162546739E00F50C41 /* Release */,
			);
			defaultConfigurationIsVisible = 0;
			defaultConfigurationName = Release;
		};
/* End XCConfigurationList section */
	};
	rootObject = 6EACCEF32546739C00F50C41 /* Project object */;
}
